// !$*UTF8*$!
{
	archiveVersion = 1;
	classes = {
	};
	objectVersion = 56;
	objects = {

/* Begin PBXBuildFile section */
		03EF4A19C3668EC9EBD4D835 /* Pods_GoodToKnow_GoodToKnowUITests.framework in Frameworks */ = {isa = PBXBuildFile; fileRef = 80435499F444737455A7EC17 /* Pods_GoodToKnow_GoodToKnowUITests.framework */; };
		6DC698D59431015E7F066D87 /* Pods_GoodToKnow.framework in Frameworks */ = {isa = PBXBuildFile; fileRef = C54D28129DD9A472AE36A56B /* Pods_GoodToKnow.framework */; };
		ACD4F8B281BA05355CB2FA66 /* Pods_GoodToKnowTests.framework in Frameworks */ = {isa = PBXBuildFile; fileRef = C2024E38F71F8FF582081D15 /* Pods_GoodToKnowTests.framework */; };
		AE2499222B8B7F5E00B87E61 /* NewsDetailsViewController.swift in Sources */ = {isa = PBXBuildFile; fileRef = AE2499212B8B7F5E00B87E61 /* NewsDetailsViewController.swift */; };
		AE3A91012B5E9CB6002B1EC9 /* AppDelegate.swift in Sources */ = {isa = PBXBuildFile; fileRef = AE3A91002B5E9CB6002B1EC9 /* AppDelegate.swift */; };
		AE3A91032B5E9CB6002B1EC9 /* SceneDelegate.swift in Sources */ = {isa = PBXBuildFile; fileRef = AE3A91022B5E9CB6002B1EC9 /* SceneDelegate.swift */; };
		AE3A91052B5E9CB6002B1EC9 /* NewsListViewController.swift in Sources */ = {isa = PBXBuildFile; fileRef = AE3A91042B5E9CB6002B1EC9 /* NewsListViewController.swift */; };
		AE3A910A2B5E9CB7002B1EC9 /* Assets.xcassets in Resources */ = {isa = PBXBuildFile; fileRef = AE3A91092B5E9CB7002B1EC9 /* Assets.xcassets */; };
		AE3A910D2B5E9CB7002B1EC9 /* LaunchScreen.storyboard in Resources */ = {isa = PBXBuildFile; fileRef = AE3A910B2B5E9CB7002B1EC9 /* LaunchScreen.storyboard */; };
		AE3A91182B5E9CB7002B1EC9 /* GoodToKnowTests.swift in Sources */ = {isa = PBXBuildFile; fileRef = AE3A91172B5E9CB7002B1EC9 /* GoodToKnowTests.swift */; };
		AE3A91222B5E9CB7002B1EC9 /* GoodToKnowUITests.swift in Sources */ = {isa = PBXBuildFile; fileRef = AE3A91212B5E9CB7002B1EC9 /* GoodToKnowUITests.swift */; };
		AE3A91242B5E9CB7002B1EC9 /* GoodToKnowUITestsLaunchTests.swift in Sources */ = {isa = PBXBuildFile; fileRef = AE3A91232B5E9CB7002B1EC9 /* GoodToKnowUITestsLaunchTests.swift */; };
		AE3A91322B5EB175002B1EC9 /* NewsArticle.swift in Sources */ = {isa = PBXBuildFile; fileRef = AE3A91312B5EB175002B1EC9 /* NewsArticle.swift */; };
		AE3A91342B5EB2B4002B1EC9 /* HotNewsViewModel.swift in Sources */ = {isa = PBXBuildFile; fileRef = AE3A91332B5EB2B4002B1EC9 /* HotNewsViewModel.swift */; };
		AE3A91372B5EB86A002B1EC9 /* UIViewExtension.swift in Sources */ = {isa = PBXBuildFile; fileRef = AE3A91362B5EB86A002B1EC9 /* UIViewExtension.swift */; };
		AE3A91392B5FBCAD002B1EC9 /* NewsListHeaderView.swift in Sources */ = {isa = PBXBuildFile; fileRef = AE3A91382B5FBCAD002B1EC9 /* NewsListHeaderView.swift */; };
		AE3A913B2B5FE242002B1EC9 /* HotNewsAPIService.swift in Sources */ = {isa = PBXBuildFile; fileRef = AE3A913A2B5FE242002B1EC9 /* HotNewsAPIService.swift */; };
		AE3A913D2B5FE89B002B1EC9 /* NewsListTableViewCell.swift in Sources */ = {isa = PBXBuildFile; fileRef = AE3A913C2B5FE89A002B1EC9 /* NewsListTableViewCell.swift */; };
		AE3A913F2B5FFD41002B1EC9 /* PaginationCursor.swift in Sources */ = {isa = PBXBuildFile; fileRef = AE3A913E2B5FFD41002B1EC9 /* PaginationCursor.swift */; };
		AE3A91412B610C99002B1EC9 /* MathHelper.swift in Sources */ = {isa = PBXBuildFile; fileRef = AE3A91402B610C99002B1EC9 /* MathHelper.swift */; };
		AE3A91482B6113BE002B1EC9 /* UIColorExtension.swift in Sources */ = {isa = PBXBuildFile; fileRef = AE3A91472B6113BE002B1EC9 /* UIColorExtension.swift */; };
		AE3A914E2B613EBA002B1EC9 /* CountriesDropdown.swift in Sources */ = {isa = PBXBuildFile; fileRef = AE3A914D2B613EBA002B1EC9 /* CountriesDropdown.swift */; };
		AE4144202BE0F1EA00B4C126 /* CategoryCollectionViewCell.swift in Sources */ = {isa = PBXBuildFile; fileRef = AE41441F2BE0F1EA00B4C126 /* CategoryCollectionViewCell.swift */; };
		AE4144222BE107F600B4C126 /* CategoryModel.swift in Sources */ = {isa = PBXBuildFile; fileRef = AE4144212BE107F600B4C126 /* CategoryModel.swift */; };
		AE5A30732BB9991E00714E23 /* SettingsViewController.swift in Sources */ = {isa = PBXBuildFile; fileRef = AE5A30722BB9991E00714E23 /* SettingsViewController.swift */; };
		AE5A30752BB9C66100714E23 /* UserDefaultsManager.swift in Sources */ = {isa = PBXBuildFile; fileRef = AE5A30742BB9C66100714E23 /* UserDefaultsManager.swift */; };
		AE5A30792BBA94B400714E23 /* PaddingLabel.swift in Sources */ = {isa = PBXBuildFile; fileRef = AE5A30782BBA94B400714E23 /* PaddingLabel.swift */; };
		AE6A251C2BA62DE100156EE5 /* WebViewController.swift in Sources */ = {isa = PBXBuildFile; fileRef = AE6A251B2BA62DE100156EE5 /* WebViewController.swift */; };
		AE6A25202BA6DFB800156EE5 /* AllNewsViewModel.swift in Sources */ = {isa = PBXBuildFile; fileRef = AE6A251F2BA6DFB800156EE5 /* AllNewsViewModel.swift */; };
		AE6A25222BA6E2E000156EE5 /* AllNewsAPIService.swift in Sources */ = {isa = PBXBuildFile; fileRef = AE6A25212BA6E2E000156EE5 /* AllNewsAPIService.swift */; };
		AE6A25262BA6F1D000156EE5 /* NewsOriginView.swift in Sources */ = {isa = PBXBuildFile; fileRef = AE6A25252BA6F1D000156EE5 /* NewsOriginView.swift */; };
		AE6A25282BA6F84900156EE5 /* DateExtension.swift in Sources */ = {isa = PBXBuildFile; fileRef = AE6A25272BA6F84900156EE5 /* DateExtension.swift */; };
		AE6A252F2BA8D99100156EE5 /* HomeViewController.swift in Sources */ = {isa = PBXBuildFile; fileRef = AE6A252E2BA8D99100156EE5 /* HomeViewController.swift */; };
		AE6A25312BA8DEED00156EE5 /* CarouselCell.swift in Sources */ = {isa = PBXBuildFile; fileRef = AE6A25302BA8DEED00156EE5 /* CarouselCell.swift */; };
		AE758CE52BAB12EE005926A6 /* CarouselView.swift in Sources */ = {isa = PBXBuildFile; fileRef = AE758CE42BAB12EE005926A6 /* CarouselView.swift */; };
		AE758CE82BAB176A005926A6 /* CarouselModel.swift in Sources */ = {isa = PBXBuildFile; fileRef = AE758CE72BAB176A005926A6 /* CarouselModel.swift */; };
		AE758CEB2BAB1CCD005926A6 /* HomeCarouselViewModel.swift in Sources */ = {isa = PBXBuildFile; fileRef = AE758CEA2BAB1CCD005926A6 /* HomeCarouselViewModel.swift */; };
		AE758CEF2BAB1FFE005926A6 /* HomeMockedService.swift in Sources */ = {isa = PBXBuildFile; fileRef = AE758CEE2BAB1FFE005926A6 /* HomeMockedService.swift */; };
		AE758CF42BAB351E005926A6 /* mockedCountries.json in Resources */ = {isa = PBXBuildFile; fileRef = AE758CF32BAB351E005926A6 /* mockedCountries.json */; };
		AE758CF62BAB359C005926A6 /* BundleManager.swift in Sources */ = {isa = PBXBuildFile; fileRef = AE758CF52BAB359C005926A6 /* BundleManager.swift */; };
		AE758CF82BAB41D1005926A6 /* ImageCache.swift in Sources */ = {isa = PBXBuildFile; fileRef = AE758CF72BAB41D1005926A6 /* ImageCache.swift */; };
		AE758CFA2BAB4223005926A6 /* UIImageViewExtension.swift in Sources */ = {isa = PBXBuildFile; fileRef = AE758CF92BAB4223005926A6 /* UIImageViewExtension.swift */; };
		AE758CFC2BACBB02005926A6 /* UIViewControllerExtension.swift in Sources */ = {isa = PBXBuildFile; fileRef = AE758CFB2BACBB02005926A6 /* UIViewControllerExtension.swift */; };
		AE758CFE2BACC357005926A6 /* AlertPopupAction.swift in Sources */ = {isa = PBXBuildFile; fileRef = AE758CFD2BACC357005926A6 /* AlertPopupAction.swift */; };
		AE758D002BACC37C005926A6 /* UIAlertControllerExtension.swift in Sources */ = {isa = PBXBuildFile; fileRef = AE758CFF2BACC37C005926A6 /* UIAlertControllerExtension.swift */; };
		AE758D032BADC43C005926A6 /* GeneralEmptyConfiguration.swift in Sources */ = {isa = PBXBuildFile; fileRef = AE758D022BADC43C005926A6 /* GeneralEmptyConfiguration.swift */; };
		AE758D052BB0951F005926A6 /* Podfile in Resources */ = {isa = PBXBuildFile; fileRef = AE758D042BB0951F005926A6 /* Podfile */; };
		AE758D072BB097D5005926A6 /* Cartfile in Resources */ = {isa = PBXBuildFile; fileRef = AE758D062BB097D5005926A6 /* Cartfile */; };
		AE9883022BC7014B00C404E8 /* WideRectListView.swift in Sources */ = {isa = PBXBuildFile; fileRef = AE9883012BC7014B00C404E8 /* WideRectListView.swift */; };
		AEAA3CDF2B821DB200EB3CE8 /* NewsSearchFilters.swift in Sources */ = {isa = PBXBuildFile; fileRef = AEAA3CDE2B821DB200EB3CE8 /* NewsSearchFilters.swift */; };
		AECABEAD2B67C18B0087D19B /* TabBarController.swift in Sources */ = {isa = PBXBuildFile; fileRef = AECABEAC2B67C18B0087D19B /* TabBarController.swift */; };
		AECABEAF2B67E6270087D19B /* UIFontExtension.swift in Sources */ = {isa = PBXBuildFile; fileRef = AECABEAE2B67E6270087D19B /* UIFontExtension.swift */; };
		AED0A8C92BB8857000F36BA6 /* NewsFiltersView.swift in Sources */ = {isa = PBXBuildFile; fileRef = AED0A8C82BB8857000F36BA6 /* NewsFiltersView.swift */; };
		AED0A8CB2BB88C6F00F36BA6 /* URLExtension.swift in Sources */ = {isa = PBXBuildFile; fileRef = AED0A8CA2BB88C6F00F36BA6 /* URLExtension.swift */; };
		AED0A8CD2BB8A90700F36BA6 /* UIStackViewExtension.swift in Sources */ = {isa = PBXBuildFile; fileRef = AED0A8CC2BB8A90700F36BA6 /* UIStackViewExtension.swift */; };
/* End PBXBuildFile section */

/* Begin PBXContainerItemProxy section */
		AE3A91142B5E9CB7002B1EC9 /* PBXContainerItemProxy */ = {
			isa = PBXContainerItemProxy;
			containerPortal = AE3A90F52B5E9CB6002B1EC9 /* Project object */;
			proxyType = 1;
			remoteGlobalIDString = AE3A90FC2B5E9CB6002B1EC9;
			remoteInfo = GoodToKnow;
		};
		AE3A911E2B5E9CB7002B1EC9 /* PBXContainerItemProxy */ = {
			isa = PBXContainerItemProxy;
			containerPortal = AE3A90F52B5E9CB6002B1EC9 /* Project object */;
			proxyType = 1;
			remoteGlobalIDString = AE3A90FC2B5E9CB6002B1EC9;
			remoteInfo = GoodToKnow;
		};
/* End PBXContainerItemProxy section */

/* Begin PBXFileReference section */
		80435499F444737455A7EC17 /* Pods_GoodToKnow_GoodToKnowUITests.framework */ = {isa = PBXFileReference; explicitFileType = wrapper.framework; includeInIndex = 0; path = Pods_GoodToKnow_GoodToKnowUITests.framework; sourceTree = BUILT_PRODUCTS_DIR; };
		9BE0BD36BAC80CE8B6469007 /* Pods-GoodToKnowTests.debug.xcconfig */ = {isa = PBXFileReference; includeInIndex = 1; lastKnownFileType = text.xcconfig; name = "Pods-GoodToKnowTests.debug.xcconfig"; path = "Target Support Files/Pods-GoodToKnowTests/Pods-GoodToKnowTests.debug.xcconfig"; sourceTree = "<group>"; };
		A9A341685C0188F526BDA5D6 /* Pods-GoodToKnow-GoodToKnowUITests.debug.xcconfig */ = {isa = PBXFileReference; includeInIndex = 1; lastKnownFileType = text.xcconfig; name = "Pods-GoodToKnow-GoodToKnowUITests.debug.xcconfig"; path = "Target Support Files/Pods-GoodToKnow-GoodToKnowUITests/Pods-GoodToKnow-GoodToKnowUITests.debug.xcconfig"; sourceTree = "<group>"; };
		AE2499212B8B7F5E00B87E61 /* NewsDetailsViewController.swift */ = {isa = PBXFileReference; lastKnownFileType = sourcecode.swift; path = NewsDetailsViewController.swift; sourceTree = "<group>"; };
		AE3A90FD2B5E9CB6002B1EC9 /* GoodToKnow.app */ = {isa = PBXFileReference; explicitFileType = wrapper.application; includeInIndex = 0; path = GoodToKnow.app; sourceTree = BUILT_PRODUCTS_DIR; };
		AE3A91002B5E9CB6002B1EC9 /* AppDelegate.swift */ = {isa = PBXFileReference; lastKnownFileType = sourcecode.swift; path = AppDelegate.swift; sourceTree = "<group>"; };
		AE3A91022B5E9CB6002B1EC9 /* SceneDelegate.swift */ = {isa = PBXFileReference; lastKnownFileType = sourcecode.swift; path = SceneDelegate.swift; sourceTree = "<group>"; };
		AE3A91042B5E9CB6002B1EC9 /* NewsListViewController.swift */ = {isa = PBXFileReference; lastKnownFileType = sourcecode.swift; path = NewsListViewController.swift; sourceTree = "<group>"; };
		AE3A91092B5E9CB7002B1EC9 /* Assets.xcassets */ = {isa = PBXFileReference; lastKnownFileType = folder.assetcatalog; path = Assets.xcassets; sourceTree = "<group>"; };
		AE3A910C2B5E9CB7002B1EC9 /* Base */ = {isa = PBXFileReference; lastKnownFileType = file.storyboard; name = Base; path = Base.lproj/LaunchScreen.storyboard; sourceTree = "<group>"; };
		AE3A910E2B5E9CB7002B1EC9 /* Info.plist */ = {isa = PBXFileReference; lastKnownFileType = text.plist.xml; path = Info.plist; sourceTree = "<group>"; };
		AE3A91132B5E9CB7002B1EC9 /* GoodToKnowTests.xctest */ = {isa = PBXFileReference; explicitFileType = wrapper.cfbundle; includeInIndex = 0; path = GoodToKnowTests.xctest; sourceTree = BUILT_PRODUCTS_DIR; };
		AE3A91172B5E9CB7002B1EC9 /* GoodToKnowTests.swift */ = {isa = PBXFileReference; lastKnownFileType = sourcecode.swift; path = GoodToKnowTests.swift; sourceTree = "<group>"; };
		AE3A911D2B5E9CB7002B1EC9 /* GoodToKnowUITests.xctest */ = {isa = PBXFileReference; explicitFileType = wrapper.cfbundle; includeInIndex = 0; path = GoodToKnowUITests.xctest; sourceTree = BUILT_PRODUCTS_DIR; };
		AE3A91212B5E9CB7002B1EC9 /* GoodToKnowUITests.swift */ = {isa = PBXFileReference; lastKnownFileType = sourcecode.swift; path = GoodToKnowUITests.swift; sourceTree = "<group>"; };
		AE3A91232B5E9CB7002B1EC9 /* GoodToKnowUITestsLaunchTests.swift */ = {isa = PBXFileReference; lastKnownFileType = sourcecode.swift; path = GoodToKnowUITestsLaunchTests.swift; sourceTree = "<group>"; };
		AE3A91312B5EB175002B1EC9 /* NewsArticle.swift */ = {isa = PBXFileReference; lastKnownFileType = sourcecode.swift; path = NewsArticle.swift; sourceTree = "<group>"; };
		AE3A91332B5EB2B4002B1EC9 /* HotNewsViewModel.swift */ = {isa = PBXFileReference; lastKnownFileType = sourcecode.swift; path = HotNewsViewModel.swift; sourceTree = "<group>"; };
		AE3A91362B5EB86A002B1EC9 /* UIViewExtension.swift */ = {isa = PBXFileReference; lastKnownFileType = sourcecode.swift; path = UIViewExtension.swift; sourceTree = "<group>"; };
		AE3A91382B5FBCAD002B1EC9 /* NewsListHeaderView.swift */ = {isa = PBXFileReference; lastKnownFileType = sourcecode.swift; path = NewsListHeaderView.swift; sourceTree = "<group>"; };
		AE3A913A2B5FE242002B1EC9 /* HotNewsAPIService.swift */ = {isa = PBXFileReference; lastKnownFileType = sourcecode.swift; path = HotNewsAPIService.swift; sourceTree = "<group>"; };
		AE3A913C2B5FE89A002B1EC9 /* NewsListTableViewCell.swift */ = {isa = PBXFileReference; lastKnownFileType = sourcecode.swift; path = NewsListTableViewCell.swift; sourceTree = "<group>"; };
		AE3A913E2B5FFD41002B1EC9 /* PaginationCursor.swift */ = {isa = PBXFileReference; lastKnownFileType = sourcecode.swift; path = PaginationCursor.swift; sourceTree = "<group>"; };
		AE3A91402B610C99002B1EC9 /* MathHelper.swift */ = {isa = PBXFileReference; lastKnownFileType = sourcecode.swift; path = MathHelper.swift; sourceTree = "<group>"; };
		AE3A91472B6113BE002B1EC9 /* UIColorExtension.swift */ = {isa = PBXFileReference; lastKnownFileType = sourcecode.swift; path = UIColorExtension.swift; sourceTree = "<group>"; };
		AE3A914D2B613EBA002B1EC9 /* CountriesDropdown.swift */ = {isa = PBXFileReference; lastKnownFileType = sourcecode.swift; path = CountriesDropdown.swift; sourceTree = "<group>"; };
		AE41441F2BE0F1EA00B4C126 /* CategoryCollectionViewCell.swift */ = {isa = PBXFileReference; lastKnownFileType = sourcecode.swift; path = CategoryCollectionViewCell.swift; sourceTree = "<group>"; };
		AE4144212BE107F600B4C126 /* CategoryModel.swift */ = {isa = PBXFileReference; lastKnownFileType = sourcecode.swift; path = CategoryModel.swift; sourceTree = "<group>"; };
		AE5A30722BB9991E00714E23 /* SettingsViewController.swift */ = {isa = PBXFileReference; lastKnownFileType = sourcecode.swift; path = SettingsViewController.swift; sourceTree = "<group>"; };
		AE5A30742BB9C66100714E23 /* UserDefaultsManager.swift */ = {isa = PBXFileReference; lastKnownFileType = sourcecode.swift; path = UserDefaultsManager.swift; sourceTree = "<group>"; };
		AE5A30782BBA94B400714E23 /* PaddingLabel.swift */ = {isa = PBXFileReference; lastKnownFileType = sourcecode.swift; path = PaddingLabel.swift; sourceTree = "<group>"; };
		AE6A251B2BA62DE100156EE5 /* WebViewController.swift */ = {isa = PBXFileReference; lastKnownFileType = sourcecode.swift; path = WebViewController.swift; sourceTree = "<group>"; };
		AE6A251F2BA6DFB800156EE5 /* AllNewsViewModel.swift */ = {isa = PBXFileReference; lastKnownFileType = sourcecode.swift; path = AllNewsViewModel.swift; sourceTree = "<group>"; };
		AE6A25212BA6E2E000156EE5 /* AllNewsAPIService.swift */ = {isa = PBXFileReference; lastKnownFileType = sourcecode.swift; path = AllNewsAPIService.swift; sourceTree = "<group>"; };
		AE6A25252BA6F1D000156EE5 /* NewsOriginView.swift */ = {isa = PBXFileReference; lastKnownFileType = sourcecode.swift; path = NewsOriginView.swift; sourceTree = "<group>"; };
		AE6A25272BA6F84900156EE5 /* DateExtension.swift */ = {isa = PBXFileReference; lastKnownFileType = sourcecode.swift; path = DateExtension.swift; sourceTree = "<group>"; };
		AE6A252E2BA8D99100156EE5 /* HomeViewController.swift */ = {isa = PBXFileReference; lastKnownFileType = sourcecode.swift; path = HomeViewController.swift; sourceTree = "<group>"; };
		AE6A25302BA8DEED00156EE5 /* CarouselCell.swift */ = {isa = PBXFileReference; lastKnownFileType = sourcecode.swift; path = CarouselCell.swift; sourceTree = "<group>"; };
		AE758CE42BAB12EE005926A6 /* CarouselView.swift */ = {isa = PBXFileReference; lastKnownFileType = sourcecode.swift; path = CarouselView.swift; sourceTree = "<group>"; };
		AE758CE72BAB176A005926A6 /* CarouselModel.swift */ = {isa = PBXFileReference; lastKnownFileType = sourcecode.swift; path = CarouselModel.swift; sourceTree = "<group>"; };
		AE758CEA2BAB1CCD005926A6 /* HomeCarouselViewModel.swift */ = {isa = PBXFileReference; lastKnownFileType = sourcecode.swift; path = HomeCarouselViewModel.swift; sourceTree = "<group>"; };
		AE758CEE2BAB1FFE005926A6 /* HomeMockedService.swift */ = {isa = PBXFileReference; lastKnownFileType = sourcecode.swift; path = HomeMockedService.swift; sourceTree = "<group>"; };
		AE758CF32BAB351E005926A6 /* mockedCountries.json */ = {isa = PBXFileReference; fileEncoding = 4; lastKnownFileType = text.json; path = mockedCountries.json; sourceTree = "<group>"; };
		AE758CF52BAB359C005926A6 /* BundleManager.swift */ = {isa = PBXFileReference; lastKnownFileType = sourcecode.swift; path = BundleManager.swift; sourceTree = "<group>"; };
		AE758CF72BAB41D1005926A6 /* ImageCache.swift */ = {isa = PBXFileReference; lastKnownFileType = sourcecode.swift; path = ImageCache.swift; sourceTree = "<group>"; };
		AE758CF92BAB4223005926A6 /* UIImageViewExtension.swift */ = {isa = PBXFileReference; lastKnownFileType = sourcecode.swift; path = UIImageViewExtension.swift; sourceTree = "<group>"; };
		AE758CFB2BACBB02005926A6 /* UIViewControllerExtension.swift */ = {isa = PBXFileReference; lastKnownFileType = sourcecode.swift; path = UIViewControllerExtension.swift; sourceTree = "<group>"; };
		AE758CFD2BACC357005926A6 /* AlertPopupAction.swift */ = {isa = PBXFileReference; lastKnownFileType = sourcecode.swift; path = AlertPopupAction.swift; sourceTree = "<group>"; };
		AE758CFF2BACC37C005926A6 /* UIAlertControllerExtension.swift */ = {isa = PBXFileReference; lastKnownFileType = sourcecode.swift; path = UIAlertControllerExtension.swift; sourceTree = "<group>"; };
		AE758D022BADC43C005926A6 /* GeneralEmptyConfiguration.swift */ = {isa = PBXFileReference; lastKnownFileType = sourcecode.swift; path = GeneralEmptyConfiguration.swift; sourceTree = "<group>"; };
		AE758D042BB0951F005926A6 /* Podfile */ = {isa = PBXFileReference; fileEncoding = 4; lastKnownFileType = text; path = Podfile; sourceTree = SOURCE_ROOT; };
		AE758D062BB097D5005926A6 /* Cartfile */ = {isa = PBXFileReference; fileEncoding = 4; lastKnownFileType = text; path = Cartfile; sourceTree = SOURCE_ROOT; };
		AE9883012BC7014B00C404E8 /* WideRectListView.swift */ = {isa = PBXFileReference; lastKnownFileType = sourcecode.swift; path = WideRectListView.swift; sourceTree = "<group>"; };
		AEAA3CDE2B821DB200EB3CE8 /* NewsSearchFilters.swift */ = {isa = PBXFileReference; lastKnownFileType = sourcecode.swift; path = NewsSearchFilters.swift; sourceTree = "<group>"; };
		AECABEAC2B67C18B0087D19B /* TabBarController.swift */ = {isa = PBXFileReference; lastKnownFileType = sourcecode.swift; path = TabBarController.swift; sourceTree = "<group>"; };
		AECABEAE2B67E6270087D19B /* UIFontExtension.swift */ = {isa = PBXFileReference; lastKnownFileType = sourcecode.swift; path = UIFontExtension.swift; sourceTree = "<group>"; };
		AED0A8C82BB8857000F36BA6 /* NewsFiltersView.swift */ = {isa = PBXFileReference; lastKnownFileType = sourcecode.swift; path = NewsFiltersView.swift; sourceTree = "<group>"; };
		AED0A8CA2BB88C6F00F36BA6 /* URLExtension.swift */ = {isa = PBXFileReference; fileEncoding = 4; lastKnownFileType = sourcecode.swift; path = URLExtension.swift; sourceTree = "<group>"; };
		AED0A8CC2BB8A90700F36BA6 /* UIStackViewExtension.swift */ = {isa = PBXFileReference; lastKnownFileType = sourcecode.swift; path = UIStackViewExtension.swift; sourceTree = "<group>"; };
		C2024E38F71F8FF582081D15 /* Pods_GoodToKnowTests.framework */ = {isa = PBXFileReference; explicitFileType = wrapper.framework; includeInIndex = 0; path = Pods_GoodToKnowTests.framework; sourceTree = BUILT_PRODUCTS_DIR; };
		C54D28129DD9A472AE36A56B /* Pods_GoodToKnow.framework */ = {isa = PBXFileReference; explicitFileType = wrapper.framework; includeInIndex = 0; path = Pods_GoodToKnow.framework; sourceTree = BUILT_PRODUCTS_DIR; };
		C825128C0F96BF724C31198A /* Pods-GoodToKnow.debug.xcconfig */ = {isa = PBXFileReference; includeInIndex = 1; lastKnownFileType = text.xcconfig; name = "Pods-GoodToKnow.debug.xcconfig"; path = "Target Support Files/Pods-GoodToKnow/Pods-GoodToKnow.debug.xcconfig"; sourceTree = "<group>"; };
		CD5E0D31D7E50980CFAB50D5 /* Pods-GoodToKnowTests.release.xcconfig */ = {isa = PBXFileReference; includeInIndex = 1; lastKnownFileType = text.xcconfig; name = "Pods-GoodToKnowTests.release.xcconfig"; path = "Target Support Files/Pods-GoodToKnowTests/Pods-GoodToKnowTests.release.xcconfig"; sourceTree = "<group>"; };
		F1807ECDDCE2312F59F3DF75 /* Pods-GoodToKnow.release.xcconfig */ = {isa = PBXFileReference; includeInIndex = 1; lastKnownFileType = text.xcconfig; name = "Pods-GoodToKnow.release.xcconfig"; path = "Target Support Files/Pods-GoodToKnow/Pods-GoodToKnow.release.xcconfig"; sourceTree = "<group>"; };
		FE7B972DA7754B26D310C652 /* Pods-GoodToKnow-GoodToKnowUITests.release.xcconfig */ = {isa = PBXFileReference; includeInIndex = 1; lastKnownFileType = text.xcconfig; name = "Pods-GoodToKnow-GoodToKnowUITests.release.xcconfig"; path = "Target Support Files/Pods-GoodToKnow-GoodToKnowUITests/Pods-GoodToKnow-GoodToKnowUITests.release.xcconfig"; sourceTree = "<group>"; };
/* End PBXFileReference section */

/* Begin PBXFrameworksBuildPhase section */
		AE3A90FA2B5E9CB6002B1EC9 /* Frameworks */ = {
			isa = PBXFrameworksBuildPhase;
			buildActionMask = 2147483647;
			files = (
				6DC698D59431015E7F066D87 /* Pods_GoodToKnow.framework in Frameworks */,
			);
			runOnlyForDeploymentPostprocessing = 0;
		};
		AE3A91102B5E9CB7002B1EC9 /* Frameworks */ = {
			isa = PBXFrameworksBuildPhase;
			buildActionMask = 2147483647;
			files = (
				ACD4F8B281BA05355CB2FA66 /* Pods_GoodToKnowTests.framework in Frameworks */,
			);
			runOnlyForDeploymentPostprocessing = 0;
		};
		AE3A911A2B5E9CB7002B1EC9 /* Frameworks */ = {
			isa = PBXFrameworksBuildPhase;
			buildActionMask = 2147483647;
			files = (
				03EF4A19C3668EC9EBD4D835 /* Pods_GoodToKnow_GoodToKnowUITests.framework in Frameworks */,
			);
			runOnlyForDeploymentPostprocessing = 0;
		};
/* End PBXFrameworksBuildPhase section */

/* Begin PBXGroup section */
		11E40C1E8B56482F085CF87E /* Pods */ = {
			isa = PBXGroup;
			children = (
				C825128C0F96BF724C31198A /* Pods-GoodToKnow.debug.xcconfig */,
				F1807ECDDCE2312F59F3DF75 /* Pods-GoodToKnow.release.xcconfig */,
				A9A341685C0188F526BDA5D6 /* Pods-GoodToKnow-GoodToKnowUITests.debug.xcconfig */,
				FE7B972DA7754B26D310C652 /* Pods-GoodToKnow-GoodToKnowUITests.release.xcconfig */,
				9BE0BD36BAC80CE8B6469007 /* Pods-GoodToKnowTests.debug.xcconfig */,
				CD5E0D31D7E50980CFAB50D5 /* Pods-GoodToKnowTests.release.xcconfig */,
			);
			path = Pods;
			sourceTree = "<group>";
		};
		AE24991E2B8B50F400B87E61 /* News */ = {
			isa = PBXGroup;
			children = (
				AE3A91422B6110A5002B1EC9 /* Model */,
				AE3A91432B6110B5002B1EC9 /* View */,
				AE6A251D2BA6DFA500156EE5 /* AllNews */,
				AE3A91302B5EB0A0002B1EC9 /* HotNews */,
			);
			path = News;
			sourceTree = "<group>";
		};
		AE24991F2B8B7F2600B87E61 /* NewsDetails */ = {
			isa = PBXGroup;
			children = (
				AE2499202B8B7F3600B87E61 /* View */,
			);
			path = NewsDetails;
			sourceTree = "<group>";
		};
		AE2499202B8B7F3600B87E61 /* View */ = {
			isa = PBXGroup;
			children = (
				AE2499212B8B7F5E00B87E61 /* NewsDetailsViewController.swift */,
				AE6A25252BA6F1D000156EE5 /* NewsOriginView.swift */,
			);
			path = View;
			sourceTree = "<group>";
		};
		AE3A90F42B5E9CB6002B1EC9 = {
			isa = PBXGroup;
			children = (
				AE3A90FF2B5E9CB6002B1EC9 /* GoodToKnow */,
				AE3A91162B5E9CB7002B1EC9 /* GoodToKnowTests */,
				AE3A91202B5E9CB7002B1EC9 /* GoodToKnowUITests */,
				AE3A90FE2B5E9CB6002B1EC9 /* Products */,
				11E40C1E8B56482F085CF87E /* Pods */,
				BDF9F2DAB74F2C12FBEC7E4B /* Frameworks */,
			);
			sourceTree = "<group>";
		};
		AE3A90FE2B5E9CB6002B1EC9 /* Products */ = {
			isa = PBXGroup;
			children = (
				AE3A90FD2B5E9CB6002B1EC9 /* GoodToKnow.app */,
				AE3A91132B5E9CB7002B1EC9 /* GoodToKnowTests.xctest */,
				AE3A911D2B5E9CB7002B1EC9 /* GoodToKnowUITests.xctest */,
			);
			name = Products;
			sourceTree = "<group>";
		};
		AE3A90FF2B5E9CB6002B1EC9 /* GoodToKnow */ = {
			isa = PBXGroup;
			children = (
				AE5A30712BB9991500714E23 /* Settings */,
				AE6A252B2BA8D97600156EE5 /* Home */,
				AE24991F2B8B7F2600B87E61 /* NewsDetails */,
				AE24991E2B8B50F400B87E61 /* News */,
				AE3A91462B611127002B1EC9 /* Helpers */,
				AE3A91352B5EB84E002B1EC9 /* Extensions */,
				AECABEAB2B67C1260087D19B /* TabBar */,
				AE3A91002B5E9CB6002B1EC9 /* AppDelegate.swift */,
				AE3A91022B5E9CB6002B1EC9 /* SceneDelegate.swift */,
				AE758CF02BAB3417005926A6 /* MockedData */,
				AE3A91092B5E9CB7002B1EC9 /* Assets.xcassets */,
				AE758D042BB0951F005926A6 /* Podfile */,
				AE758D062BB097D5005926A6 /* Cartfile */,
				AE3A910B2B5E9CB7002B1EC9 /* LaunchScreen.storyboard */,
				AE3A910E2B5E9CB7002B1EC9 /* Info.plist */,
			);
			path = GoodToKnow;
			sourceTree = "<group>";
		};
		AE3A91162B5E9CB7002B1EC9 /* GoodToKnowTests */ = {
			isa = PBXGroup;
			children = (
				AE3A91172B5E9CB7002B1EC9 /* GoodToKnowTests.swift */,
			);
			path = GoodToKnowTests;
			sourceTree = "<group>";
		};
		AE3A91202B5E9CB7002B1EC9 /* GoodToKnowUITests */ = {
			isa = PBXGroup;
			children = (
				AE3A91212B5E9CB7002B1EC9 /* GoodToKnowUITests.swift */,
				AE3A91232B5E9CB7002B1EC9 /* GoodToKnowUITestsLaunchTests.swift */,
			);
			path = GoodToKnowUITests;
			sourceTree = "<group>";
		};
		AE3A91302B5EB0A0002B1EC9 /* HotNews */ = {
			isa = PBXGroup;
			children = (
				AE3A91452B6110E9002B1EC9 /* Service */,
				AE3A91442B6110D5002B1EC9 /* ViewModel */,
			);
			path = HotNews;
			sourceTree = "<group>";
		};
		AE3A91352B5EB84E002B1EC9 /* Extensions */ = {
			isa = PBXGroup;
			children = (
				AE3A91362B5EB86A002B1EC9 /* UIViewExtension.swift */,
				AE3A91472B6113BE002B1EC9 /* UIColorExtension.swift */,
				AED0A8CA2BB88C6F00F36BA6 /* URLExtension.swift */,
				AECABEAE2B67E6270087D19B /* UIFontExtension.swift */,
				AE758CF92BAB4223005926A6 /* UIImageViewExtension.swift */,
				AE6A25272BA6F84900156EE5 /* DateExtension.swift */,
				AE758CFB2BACBB02005926A6 /* UIViewControllerExtension.swift */,
				AE758CFF2BACC37C005926A6 /* UIAlertControllerExtension.swift */,
				AED0A8CC2BB8A90700F36BA6 /* UIStackViewExtension.swift */,
			);
			path = Extensions;
			sourceTree = "<group>";
		};
		AE3A91422B6110A5002B1EC9 /* Model */ = {
			isa = PBXGroup;
			children = (
				AE3A91312B5EB175002B1EC9 /* NewsArticle.swift */,
				AEAA3CDE2B821DB200EB3CE8 /* NewsSearchFilters.swift */,
			);
			path = Model;
			sourceTree = "<group>";
		};
		AE3A91432B6110B5002B1EC9 /* View */ = {
			isa = PBXGroup;
			children = (
				AE3A91382B5FBCAD002B1EC9 /* NewsListHeaderView.swift */,
				AE3A91042B5E9CB6002B1EC9 /* NewsListViewController.swift */,
				AE3A913C2B5FE89A002B1EC9 /* NewsListTableViewCell.swift */,
				AE3A914D2B613EBA002B1EC9 /* CountriesDropdown.swift */,
				AED0A8C82BB8857000F36BA6 /* NewsFiltersView.swift */,
			);
			path = View;
			sourceTree = "<group>";
		};
		AE3A91442B6110D5002B1EC9 /* ViewModel */ = {
			isa = PBXGroup;
			children = (
				AE3A91332B5EB2B4002B1EC9 /* HotNewsViewModel.swift */,
			);
			path = ViewModel;
			sourceTree = "<group>";
		};
		AE3A91452B6110E9002B1EC9 /* Service */ = {
			isa = PBXGroup;
			children = (
				AE3A913A2B5FE242002B1EC9 /* HotNewsAPIService.swift */,
			);
			path = Service;
			sourceTree = "<group>";
		};
		AE3A91462B611127002B1EC9 /* Helpers */ = {
			isa = PBXGroup;
			children = (
				AE3A913E2B5FFD41002B1EC9 /* PaginationCursor.swift */,
				AE3A91402B610C99002B1EC9 /* MathHelper.swift */,
				AE6A251B2BA62DE100156EE5 /* WebViewController.swift */,
				AE758CF52BAB359C005926A6 /* BundleManager.swift */,
				AE758CF72BAB41D1005926A6 /* ImageCache.swift */,
				AE758CFD2BACC357005926A6 /* AlertPopupAction.swift */,
				AE758D022BADC43C005926A6 /* GeneralEmptyConfiguration.swift */,
				AE5A30742BB9C66100714E23 /* UserDefaultsManager.swift */,
				AE5A30782BBA94B400714E23 /* PaddingLabel.swift */,
			);
			path = Helpers;
			sourceTree = "<group>";
		};
		AE5A30712BB9991500714E23 /* Settings */ = {
			isa = PBXGroup;
			children = (
				AE7B56A62BBB2DDF00476390 /* View */,
			);
			path = Settings;
			sourceTree = "<group>";
		};
		AE6A251D2BA6DFA500156EE5 /* AllNews */ = {
			isa = PBXGroup;
			children = (
				AE758CEC2BAB1F22005926A6 /* Service */,
				AE6A251E2BA6DFAF00156EE5 /* ViewModel */,
			);
			path = AllNews;
			sourceTree = "<group>";
		};
		AE6A251E2BA6DFAF00156EE5 /* ViewModel */ = {
			isa = PBXGroup;
			children = (
				AE6A251F2BA6DFB800156EE5 /* AllNewsViewModel.swift */,
			);
			path = ViewModel;
			sourceTree = "<group>";
		};
		AE6A252B2BA8D97600156EE5 /* Home */ = {
			isa = PBXGroup;
			children = (
				AE6A252C2BA8D97D00156EE5 /* View */,
				AE758CE92BAB1CC5005926A6 /* ViewModel */,
				AE758CE62BAB1752005926A6 /* Model */,
				AE758CED2BAB1FD3005926A6 /* Service */,
			);
			path = Home;
			sourceTree = "<group>";
		};
		AE6A252C2BA8D97D00156EE5 /* View */ = {
			isa = PBXGroup;
			children = (
				AE6A252E2BA8D99100156EE5 /* HomeViewController.swift */,
				AE758CE42BAB12EE005926A6 /* CarouselView.swift */,
				AE6A25302BA8DEED00156EE5 /* CarouselCell.swift */,
				AE9883012BC7014B00C404E8 /* WideRectListView.swift */,
				AE41441F2BE0F1EA00B4C126 /* CategoryCollectionViewCell.swift */,
			);
			path = View;
			sourceTree = "<group>";
		};
		AE758CE62BAB1752005926A6 /* Model */ = {
			isa = PBXGroup;
			children = (
				AE4144212BE107F600B4C126 /* CategoryModel.swift */,
				AE758CE72BAB176A005926A6 /* CarouselModel.swift */,
			);
			path = Model;
			sourceTree = "<group>";
		};
		AE758CE92BAB1CC5005926A6 /* ViewModel */ = {
			isa = PBXGroup;
			children = (
				AE758CEA2BAB1CCD005926A6 /* HomeCarouselViewModel.swift */,
			);
			path = ViewModel;
			sourceTree = "<group>";
		};
		AE758CEC2BAB1F22005926A6 /* Service */ = {
			isa = PBXGroup;
			children = (
				AE6A25212BA6E2E000156EE5 /* AllNewsAPIService.swift */,
			);
			path = Service;
			sourceTree = "<group>";
		};
		AE758CED2BAB1FD3005926A6 /* Service */ = {
			isa = PBXGroup;
			children = (
				AE758CEE2BAB1FFE005926A6 /* HomeMockedService.swift */,
			);
			path = Service;
			sourceTree = "<group>";
		};
		AE758CF02BAB3417005926A6 /* MockedData */ = {
			isa = PBXGroup;
			children = (
				AE758CF32BAB351E005926A6 /* mockedCountries.json */,
			);
			path = MockedData;
			sourceTree = "<group>";
		};
		AE7B56A62BBB2DDF00476390 /* View */ = {
			isa = PBXGroup;
			children = (
				AE5A30722BB9991E00714E23 /* SettingsViewController.swift */,
			);
			path = View;
			sourceTree = "<group>";
		};
		AECABEAB2B67C1260087D19B /* TabBar */ = {
			isa = PBXGroup;
			children = (
				AECABEAC2B67C18B0087D19B /* TabBarController.swift */,
			);
			path = TabBar;
			sourceTree = "<group>";
		};
		BDF9F2DAB74F2C12FBEC7E4B /* Frameworks */ = {
			isa = PBXGroup;
			children = (
				C54D28129DD9A472AE36A56B /* Pods_GoodToKnow.framework */,
				80435499F444737455A7EC17 /* Pods_GoodToKnow_GoodToKnowUITests.framework */,
				C2024E38F71F8FF582081D15 /* Pods_GoodToKnowTests.framework */,
			);
			name = Frameworks;
			sourceTree = "<group>";
		};
/* End PBXGroup section */

/* Begin PBXNativeTarget section */
		AE3A90FC2B5E9CB6002B1EC9 /* GoodToKnow */ = {
			isa = PBXNativeTarget;
			buildConfigurationList = AE3A91272B5E9CB7002B1EC9 /* Build configuration list for PBXNativeTarget "GoodToKnow" */;
			buildPhases = (
				87826CA7A00125C5ED9F74A1 /* [CP] Check Pods Manifest.lock */,
				AE3A90F92B5E9CB6002B1EC9 /* Sources */,
				AE3A90FA2B5E9CB6002B1EC9 /* Frameworks */,
				AE3A90FB2B5E9CB6002B1EC9 /* Resources */,
				440EAD50ADD5991AE926F36E /* [CP] Embed Pods Frameworks */,
			);
			buildRules = (
			);
			dependencies = (
			);
			name = GoodToKnow;
			productName = GoodToKnow;
			productReference = AE3A90FD2B5E9CB6002B1EC9 /* GoodToKnow.app */;
			productType = "com.apple.product-type.application";
		};
		AE3A91122B5E9CB7002B1EC9 /* GoodToKnowTests */ = {
			isa = PBXNativeTarget;
			buildConfigurationList = AE3A912A2B5E9CB7002B1EC9 /* Build configuration list for PBXNativeTarget "GoodToKnowTests" */;
			buildPhases = (
				7AD5816468249BCBFF247450 /* [CP] Check Pods Manifest.lock */,
				AE3A910F2B5E9CB7002B1EC9 /* Sources */,
				AE3A91102B5E9CB7002B1EC9 /* Frameworks */,
				AE3A91112B5E9CB7002B1EC9 /* Resources */,
			);
			buildRules = (
			);
			dependencies = (
				AE3A91152B5E9CB7002B1EC9 /* PBXTargetDependency */,
			);
			name = GoodToKnowTests;
			productName = GoodToKnowTests;
			productReference = AE3A91132B5E9CB7002B1EC9 /* GoodToKnowTests.xctest */;
			productType = "com.apple.product-type.bundle.unit-test";
		};
		AE3A911C2B5E9CB7002B1EC9 /* GoodToKnowUITests */ = {
			isa = PBXNativeTarget;
			buildConfigurationList = AE3A912D2B5E9CB7002B1EC9 /* Build configuration list for PBXNativeTarget "GoodToKnowUITests" */;
			buildPhases = (
				35FF707E2A4364A2E8F51DED /* [CP] Check Pods Manifest.lock */,
				AE3A91192B5E9CB7002B1EC9 /* Sources */,
				AE3A911A2B5E9CB7002B1EC9 /* Frameworks */,
				AE3A911B2B5E9CB7002B1EC9 /* Resources */,
				A2B99EAED3C9821D8BBCDC16 /* [CP] Embed Pods Frameworks */,
			);
			buildRules = (
			);
			dependencies = (
				AE3A911F2B5E9CB7002B1EC9 /* PBXTargetDependency */,
			);
			name = GoodToKnowUITests;
			productName = GoodToKnowUITests;
			productReference = AE3A911D2B5E9CB7002B1EC9 /* GoodToKnowUITests.xctest */;
			productType = "com.apple.product-type.bundle.ui-testing";
		};
/* End PBXNativeTarget section */

/* Begin PBXProject section */
		AE3A90F52B5E9CB6002B1EC9 /* Project object */ = {
			isa = PBXProject;
			attributes = {
				BuildIndependentTargetsInParallel = 1;
				LastSwiftUpdateCheck = 1500;
				LastUpgradeCheck = 1500;
				TargetAttributes = {
					AE3A90FC2B5E9CB6002B1EC9 = {
						CreatedOnToolsVersion = 15.0;
					};
					AE3A91122B5E9CB7002B1EC9 = {
						CreatedOnToolsVersion = 15.0;
						TestTargetID = AE3A90FC2B5E9CB6002B1EC9;
					};
					AE3A911C2B5E9CB7002B1EC9 = {
						CreatedOnToolsVersion = 15.0;
						TestTargetID = AE3A90FC2B5E9CB6002B1EC9;
					};
				};
			};
			buildConfigurationList = AE3A90F82B5E9CB6002B1EC9 /* Build configuration list for PBXProject "GoodToKnow" */;
			compatibilityVersion = "Xcode 14.0";
			developmentRegion = en;
			hasScannedForEncodings = 0;
			knownRegions = (
				en,
				Base,
			);
			mainGroup = AE3A90F42B5E9CB6002B1EC9;
			productRefGroup = AE3A90FE2B5E9CB6002B1EC9 /* Products */;
			projectDirPath = "";
			projectRoot = "";
			targets = (
				AE3A90FC2B5E9CB6002B1EC9 /* GoodToKnow */,
				AE3A91122B5E9CB7002B1EC9 /* GoodToKnowTests */,
				AE3A911C2B5E9CB7002B1EC9 /* GoodToKnowUITests */,
			);
		};
/* End PBXProject section */

/* Begin PBXResourcesBuildPhase section */
		AE3A90FB2B5E9CB6002B1EC9 /* Resources */ = {
			isa = PBXResourcesBuildPhase;
			buildActionMask = 2147483647;
			files = (
				AE758D072BB097D5005926A6 /* Cartfile in Resources */,
				AE758CF42BAB351E005926A6 /* mockedCountries.json in Resources */,
				AE3A910D2B5E9CB7002B1EC9 /* LaunchScreen.storyboard in Resources */,
				AE758D052BB0951F005926A6 /* Podfile in Resources */,
				AE3A910A2B5E9CB7002B1EC9 /* Assets.xcassets in Resources */,
			);
			runOnlyForDeploymentPostprocessing = 0;
		};
		AE3A91112B5E9CB7002B1EC9 /* Resources */ = {
			isa = PBXResourcesBuildPhase;
			buildActionMask = 2147483647;
			files = (
			);
			runOnlyForDeploymentPostprocessing = 0;
		};
		AE3A911B2B5E9CB7002B1EC9 /* Resources */ = {
			isa = PBXResourcesBuildPhase;
			buildActionMask = 2147483647;
			files = (
			);
			runOnlyForDeploymentPostprocessing = 0;
		};
/* End PBXResourcesBuildPhase section */

/* Begin PBXShellScriptBuildPhase section */
		35FF707E2A4364A2E8F51DED /* [CP] Check Pods Manifest.lock */ = {
			isa = PBXShellScriptBuildPhase;
			buildActionMask = 2147483647;
			files = (
			);
			inputFileListPaths = (
			);
			inputPaths = (
				"${PODS_PODFILE_DIR_PATH}/Podfile.lock",
				"${PODS_ROOT}/Manifest.lock",
			);
			name = "[CP] Check Pods Manifest.lock";
			outputFileListPaths = (
			);
			outputPaths = (
				"$(DERIVED_FILE_DIR)/Pods-GoodToKnow-GoodToKnowUITests-checkManifestLockResult.txt",
			);
			runOnlyForDeploymentPostprocessing = 0;
			shellPath = /bin/sh;
			shellScript = "diff \"${PODS_PODFILE_DIR_PATH}/Podfile.lock\" \"${PODS_ROOT}/Manifest.lock\" > /dev/null\nif [ $? != 0 ] ; then\n    # print error to STDERR\n    echo \"error: The sandbox is not in sync with the Podfile.lock. Run 'pod install' or update your CocoaPods installation.\" >&2\n    exit 1\nfi\n# This output is used by Xcode 'outputs' to avoid re-running this script phase.\necho \"SUCCESS\" > \"${SCRIPT_OUTPUT_FILE_0}\"\n";
			showEnvVarsInLog = 0;
		};
		440EAD50ADD5991AE926F36E /* [CP] Embed Pods Frameworks */ = {
			isa = PBXShellScriptBuildPhase;
			buildActionMask = 2147483647;
			files = (
			);
			inputFileListPaths = (
				"${PODS_ROOT}/Target Support Files/Pods-GoodToKnow/Pods-GoodToKnow-frameworks-${CONFIGURATION}-input-files.xcfilelist",
			);
			name = "[CP] Embed Pods Frameworks";
			outputFileListPaths = (
				"${PODS_ROOT}/Target Support Files/Pods-GoodToKnow/Pods-GoodToKnow-frameworks-${CONFIGURATION}-output-files.xcfilelist",
			);
			runOnlyForDeploymentPostprocessing = 0;
			shellPath = /bin/sh;
			shellScript = "\"${PODS_ROOT}/Target Support Files/Pods-GoodToKnow/Pods-GoodToKnow-frameworks.sh\"\n";
			showEnvVarsInLog = 0;
		};
		7AD5816468249BCBFF247450 /* [CP] Check Pods Manifest.lock */ = {
			isa = PBXShellScriptBuildPhase;
			buildActionMask = 2147483647;
			files = (
			);
			inputFileListPaths = (
			);
			inputPaths = (
				"${PODS_PODFILE_DIR_PATH}/Podfile.lock",
				"${PODS_ROOT}/Manifest.lock",
			);
			name = "[CP] Check Pods Manifest.lock";
			outputFileListPaths = (
			);
			outputPaths = (
				"$(DERIVED_FILE_DIR)/Pods-GoodToKnowTests-checkManifestLockResult.txt",
			);
			runOnlyForDeploymentPostprocessing = 0;
			shellPath = /bin/sh;
			shellScript = "diff \"${PODS_PODFILE_DIR_PATH}/Podfile.lock\" \"${PODS_ROOT}/Manifest.lock\" > /dev/null\nif [ $? != 0 ] ; then\n    # print error to STDERR\n    echo \"error: The sandbox is not in sync with the Podfile.lock. Run 'pod install' or update your CocoaPods installation.\" >&2\n    exit 1\nfi\n# This output is used by Xcode 'outputs' to avoid re-running this script phase.\necho \"SUCCESS\" > \"${SCRIPT_OUTPUT_FILE_0}\"\n";
			showEnvVarsInLog = 0;
		};
		87826CA7A00125C5ED9F74A1 /* [CP] Check Pods Manifest.lock */ = {
			isa = PBXShellScriptBuildPhase;
			buildActionMask = 2147483647;
			files = (
			);
			inputFileListPaths = (
			);
			inputPaths = (
				"${PODS_PODFILE_DIR_PATH}/Podfile.lock",
				"${PODS_ROOT}/Manifest.lock",
			);
			name = "[CP] Check Pods Manifest.lock";
			outputFileListPaths = (
			);
			outputPaths = (
				"$(DERIVED_FILE_DIR)/Pods-GoodToKnow-checkManifestLockResult.txt",
			);
			runOnlyForDeploymentPostprocessing = 0;
			shellPath = /bin/sh;
			shellScript = "diff \"${PODS_PODFILE_DIR_PATH}/Podfile.lock\" \"${PODS_ROOT}/Manifest.lock\" > /dev/null\nif [ $? != 0 ] ; then\n    # print error to STDERR\n    echo \"error: The sandbox is not in sync with the Podfile.lock. Run 'pod install' or update your CocoaPods installation.\" >&2\n    exit 1\nfi\n# This output is used by Xcode 'outputs' to avoid re-running this script phase.\necho \"SUCCESS\" > \"${SCRIPT_OUTPUT_FILE_0}\"\n";
			showEnvVarsInLog = 0;
		};
		A2B99EAED3C9821D8BBCDC16 /* [CP] Embed Pods Frameworks */ = {
			isa = PBXShellScriptBuildPhase;
			buildActionMask = 2147483647;
			files = (
			);
			inputFileListPaths = (
				"${PODS_ROOT}/Target Support Files/Pods-GoodToKnow-GoodToKnowUITests/Pods-GoodToKnow-GoodToKnowUITests-frameworks-${CONFIGURATION}-input-files.xcfilelist",
			);
			name = "[CP] Embed Pods Frameworks";
			outputFileListPaths = (
				"${PODS_ROOT}/Target Support Files/Pods-GoodToKnow-GoodToKnowUITests/Pods-GoodToKnow-GoodToKnowUITests-frameworks-${CONFIGURATION}-output-files.xcfilelist",
			);
			runOnlyForDeploymentPostprocessing = 0;
			shellPath = /bin/sh;
			shellScript = "\"${PODS_ROOT}/Target Support Files/Pods-GoodToKnow-GoodToKnowUITests/Pods-GoodToKnow-GoodToKnowUITests-frameworks.sh\"\n";
			showEnvVarsInLog = 0;
		};
/* End PBXShellScriptBuildPhase section */

/* Begin PBXSourcesBuildPhase section */
		AE3A90F92B5E9CB6002B1EC9 /* Sources */ = {
			isa = PBXSourcesBuildPhase;
			buildActionMask = 2147483647;
			files = (
				AE2499222B8B7F5E00B87E61 /* NewsDetailsViewController.swift in Sources */,
				AE6A25222BA6E2E000156EE5 /* AllNewsAPIService.swift in Sources */,
				AE9883022BC7014B00C404E8 /* WideRectListView.swift in Sources */,
				AE758CF82BAB41D1005926A6 /* ImageCache.swift in Sources */,
				AE3A913D2B5FE89B002B1EC9 /* NewsListTableViewCell.swift in Sources */,
				AE758CFC2BACBB02005926A6 /* UIViewControllerExtension.swift in Sources */,
				AECABEAF2B67E6270087D19B /* UIFontExtension.swift in Sources */,
				AE5A30752BB9C66100714E23 /* UserDefaultsManager.swift in Sources */,
				AE6A25282BA6F84900156EE5 /* DateExtension.swift in Sources */,
				AED0A8CD2BB8A90700F36BA6 /* UIStackViewExtension.swift in Sources */,
				AE6A25262BA6F1D000156EE5 /* NewsOriginView.swift in Sources */,
				AE5A30792BBA94B400714E23 /* PaddingLabel.swift in Sources */,
				AE6A251C2BA62DE100156EE5 /* WebViewController.swift in Sources */,
				AE3A91372B5EB86A002B1EC9 /* UIViewExtension.swift in Sources */,
				AECABEAD2B67C18B0087D19B /* TabBarController.swift in Sources */,
				AE758CEB2BAB1CCD005926A6 /* HomeCarouselViewModel.swift in Sources */,
				AE758CE52BAB12EE005926A6 /* CarouselView.swift in Sources */,
				AE758CFA2BAB4223005926A6 /* UIImageViewExtension.swift in Sources */,
				AEAA3CDF2B821DB200EB3CE8 /* NewsSearchFilters.swift in Sources */,
				AE758D032BADC43C005926A6 /* GeneralEmptyConfiguration.swift in Sources */,
				AE758CE82BAB176A005926A6 /* CarouselModel.swift in Sources */,
				AE4144202BE0F1EA00B4C126 /* CategoryCollectionViewCell.swift in Sources */,
				AED0A8C92BB8857000F36BA6 /* NewsFiltersView.swift in Sources */,
				AE3A91052B5E9CB6002B1EC9 /* NewsListViewController.swift in Sources */,
				AE6A252F2BA8D99100156EE5 /* HomeViewController.swift in Sources */,
				AE3A913F2B5FFD41002B1EC9 /* PaginationCursor.swift in Sources */,
				AE3A91342B5EB2B4002B1EC9 /* HotNewsViewModel.swift in Sources */,
				AE5A30732BB9991E00714E23 /* SettingsViewController.swift in Sources */,
				AE758CFE2BACC357005926A6 /* AlertPopupAction.swift in Sources */,
				AE4144222BE107F600B4C126 /* CategoryModel.swift in Sources */,
				AE3A91012B5E9CB6002B1EC9 /* AppDelegate.swift in Sources */,
				AE758CF62BAB359C005926A6 /* BundleManager.swift in Sources */,
				AED0A8CB2BB88C6F00F36BA6 /* URLExtension.swift in Sources */,
				AE3A91322B5EB175002B1EC9 /* NewsArticle.swift in Sources */,
				AE3A913B2B5FE242002B1EC9 /* HotNewsAPIService.swift in Sources */,
				AE3A91392B5FBCAD002B1EC9 /* NewsListHeaderView.swift in Sources */,
				AE6A25312BA8DEED00156EE5 /* CarouselCell.swift in Sources */,
				AE3A91412B610C99002B1EC9 /* MathHelper.swift in Sources */,
				AE3A91032B5E9CB6002B1EC9 /* SceneDelegate.swift in Sources */,
				AE6A25202BA6DFB800156EE5 /* AllNewsViewModel.swift in Sources */,
				AE758D002BACC37C005926A6 /* UIAlertControllerExtension.swift in Sources */,
				AE3A91482B6113BE002B1EC9 /* UIColorExtension.swift in Sources */,
				AE3A914E2B613EBA002B1EC9 /* CountriesDropdown.swift in Sources */,
				AE758CEF2BAB1FFE005926A6 /* HomeMockedService.swift in Sources */,
			);
			runOnlyForDeploymentPostprocessing = 0;
		};
		AE3A910F2B5E9CB7002B1EC9 /* Sources */ = {
			isa = PBXSourcesBuildPhase;
			buildActionMask = 2147483647;
			files = (
				AE3A91182B5E9CB7002B1EC9 /* GoodToKnowTests.swift in Sources */,
			);
			runOnlyForDeploymentPostprocessing = 0;
		};
		AE3A91192B5E9CB7002B1EC9 /* Sources */ = {
			isa = PBXSourcesBuildPhase;
			buildActionMask = 2147483647;
			files = (
				AE3A91222B5E9CB7002B1EC9 /* GoodToKnowUITests.swift in Sources */,
				AE3A91242B5E9CB7002B1EC9 /* GoodToKnowUITestsLaunchTests.swift in Sources */,
			);
			runOnlyForDeploymentPostprocessing = 0;
		};
/* End PBXSourcesBuildPhase section */

/* Begin PBXTargetDependency section */
		AE3A91152B5E9CB7002B1EC9 /* PBXTargetDependency */ = {
			isa = PBXTargetDependency;
			target = AE3A90FC2B5E9CB6002B1EC9 /* GoodToKnow */;
			targetProxy = AE3A91142B5E9CB7002B1EC9 /* PBXContainerItemProxy */;
		};
		AE3A911F2B5E9CB7002B1EC9 /* PBXTargetDependency */ = {
			isa = PBXTargetDependency;
			target = AE3A90FC2B5E9CB6002B1EC9 /* GoodToKnow */;
			targetProxy = AE3A911E2B5E9CB7002B1EC9 /* PBXContainerItemProxy */;
		};
/* End PBXTargetDependency section */

/* Begin PBXVariantGroup section */
		AE3A910B2B5E9CB7002B1EC9 /* LaunchScreen.storyboard */ = {
			isa = PBXVariantGroup;
			children = (
				AE3A910C2B5E9CB7002B1EC9 /* Base */,
			);
			name = LaunchScreen.storyboard;
			sourceTree = "<group>";
		};
/* End PBXVariantGroup section */

/* Begin XCBuildConfiguration section */
		AE3A91252B5E9CB7002B1EC9 /* Debug */ = {
			isa = XCBuildConfiguration;
			buildSettings = {
				ALWAYS_SEARCH_USER_PATHS = NO;
				ASSETCATALOG_COMPILER_GENERATE_SWIFT_ASSET_SYMBOL_EXTENSIONS = YES;
				CLANG_ANALYZER_NONNULL = YES;
				CLANG_ANALYZER_NUMBER_OBJECT_CONVERSION = YES_AGGRESSIVE;
				CLANG_CXX_LANGUAGE_STANDARD = "gnu++20";
				CLANG_ENABLE_MODULES = YES;
				CLANG_ENABLE_OBJC_ARC = YES;
				CLANG_ENABLE_OBJC_WEAK = YES;
				CLANG_WARN_BLOCK_CAPTURE_AUTORELEASING = YES;
				CLANG_WARN_BOOL_CONVERSION = YES;
				CLANG_WARN_COMMA = YES;
				CLANG_WARN_CONSTANT_CONVERSION = YES;
				CLANG_WARN_DEPRECATED_OBJC_IMPLEMENTATIONS = YES;
				CLANG_WARN_DIRECT_OBJC_ISA_USAGE = YES_ERROR;
				CLANG_WARN_DOCUMENTATION_COMMENTS = YES;
				CLANG_WARN_EMPTY_BODY = YES;
				CLANG_WARN_ENUM_CONVERSION = YES;
				CLANG_WARN_INFINITE_RECURSION = YES;
				CLANG_WARN_INT_CONVERSION = YES;
				CLANG_WARN_NON_LITERAL_NULL_CONVERSION = YES;
				CLANG_WARN_OBJC_IMPLICIT_RETAIN_SELF = YES;
				CLANG_WARN_OBJC_LITERAL_CONVERSION = YES;
				CLANG_WARN_OBJC_ROOT_CLASS = YES_ERROR;
				CLANG_WARN_QUOTED_INCLUDE_IN_FRAMEWORK_HEADER = YES;
				CLANG_WARN_RANGE_LOOP_ANALYSIS = YES;
				CLANG_WARN_STRICT_PROTOTYPES = YES;
				CLANG_WARN_SUSPICIOUS_MOVE = YES;
				CLANG_WARN_UNGUARDED_AVAILABILITY = YES_AGGRESSIVE;
				CLANG_WARN_UNREACHABLE_CODE = YES;
				CLANG_WARN__DUPLICATE_METHOD_MATCH = YES;
				COPY_PHASE_STRIP = NO;
				DEBUG_INFORMATION_FORMAT = dwarf;
				ENABLE_STRICT_OBJC_MSGSEND = YES;
				ENABLE_TESTABILITY = YES;
				ENABLE_USER_SCRIPT_SANDBOXING = NO;
				GCC_C_LANGUAGE_STANDARD = gnu17;
				GCC_DYNAMIC_NO_PIC = NO;
				GCC_NO_COMMON_BLOCKS = YES;
				GCC_OPTIMIZATION_LEVEL = 0;
				GCC_PREPROCESSOR_DEFINITIONS = (
					"DEBUG=1",
					"$(inherited)",
				);
				GCC_WARN_64_TO_32_BIT_CONVERSION = YES;
				GCC_WARN_ABOUT_RETURN_TYPE = YES_ERROR;
				GCC_WARN_UNDECLARED_SELECTOR = YES;
				GCC_WARN_UNINITIALIZED_AUTOS = YES_AGGRESSIVE;
				GCC_WARN_UNUSED_FUNCTION = YES;
				GCC_WARN_UNUSED_VARIABLE = YES;
				IPHONEOS_DEPLOYMENT_TARGET = 17.0;
				LOCALIZATION_PREFERS_STRING_CATALOGS = YES;
				MTL_ENABLE_DEBUG_INFO = INCLUDE_SOURCE;
				MTL_FAST_MATH = YES;
				ONLY_ACTIVE_ARCH = YES;
				SDKROOT = iphoneos;
				SWIFT_ACTIVE_COMPILATION_CONDITIONS = "DEBUG $(inherited)";
				SWIFT_OPTIMIZATION_LEVEL = "-Onone";
			};
			name = Debug;
		};
		AE3A91262B5E9CB7002B1EC9 /* Release */ = {
			isa = XCBuildConfiguration;
			buildSettings = {
				ALWAYS_SEARCH_USER_PATHS = NO;
				ASSETCATALOG_COMPILER_GENERATE_SWIFT_ASSET_SYMBOL_EXTENSIONS = YES;
				CLANG_ANALYZER_NONNULL = YES;
				CLANG_ANALYZER_NUMBER_OBJECT_CONVERSION = YES_AGGRESSIVE;
				CLANG_CXX_LANGUAGE_STANDARD = "gnu++20";
				CLANG_ENABLE_MODULES = YES;
				CLANG_ENABLE_OBJC_ARC = YES;
				CLANG_ENABLE_OBJC_WEAK = YES;
				CLANG_WARN_BLOCK_CAPTURE_AUTORELEASING = YES;
				CLANG_WARN_BOOL_CONVERSION = YES;
				CLANG_WARN_COMMA = YES;
				CLANG_WARN_CONSTANT_CONVERSION = YES;
				CLANG_WARN_DEPRECATED_OBJC_IMPLEMENTATIONS = YES;
				CLANG_WARN_DIRECT_OBJC_ISA_USAGE = YES_ERROR;
				CLANG_WARN_DOCUMENTATION_COMMENTS = YES;
				CLANG_WARN_EMPTY_BODY = YES;
				CLANG_WARN_ENUM_CONVERSION = YES;
				CLANG_WARN_INFINITE_RECURSION = YES;
				CLANG_WARN_INT_CONVERSION = YES;
				CLANG_WARN_NON_LITERAL_NULL_CONVERSION = YES;
				CLANG_WARN_OBJC_IMPLICIT_RETAIN_SELF = YES;
				CLANG_WARN_OBJC_LITERAL_CONVERSION = YES;
				CLANG_WARN_OBJC_ROOT_CLASS = YES_ERROR;
				CLANG_WARN_QUOTED_INCLUDE_IN_FRAMEWORK_HEADER = YES;
				CLANG_WARN_RANGE_LOOP_ANALYSIS = YES;
				CLANG_WARN_STRICT_PROTOTYPES = YES;
				CLANG_WARN_SUSPICIOUS_MOVE = YES;
				CLANG_WARN_UNGUARDED_AVAILABILITY = YES_AGGRESSIVE;
				CLANG_WARN_UNREACHABLE_CODE = YES;
				CLANG_WARN__DUPLICATE_METHOD_MATCH = YES;
				COPY_PHASE_STRIP = NO;
				DEBUG_INFORMATION_FORMAT = "dwarf-with-dsym";
				ENABLE_NS_ASSERTIONS = NO;
				ENABLE_STRICT_OBJC_MSGSEND = YES;
				ENABLE_USER_SCRIPT_SANDBOXING = NO;
				GCC_C_LANGUAGE_STANDARD = gnu17;
				GCC_NO_COMMON_BLOCKS = YES;
				GCC_WARN_64_TO_32_BIT_CONVERSION = YES;
				GCC_WARN_ABOUT_RETURN_TYPE = YES_ERROR;
				GCC_WARN_UNDECLARED_SELECTOR = YES;
				GCC_WARN_UNINITIALIZED_AUTOS = YES_AGGRESSIVE;
				GCC_WARN_UNUSED_FUNCTION = YES;
				GCC_WARN_UNUSED_VARIABLE = YES;
				IPHONEOS_DEPLOYMENT_TARGET = 17.0;
				LOCALIZATION_PREFERS_STRING_CATALOGS = YES;
				MTL_ENABLE_DEBUG_INFO = NO;
				MTL_FAST_MATH = YES;
				SDKROOT = iphoneos;
				SWIFT_COMPILATION_MODE = wholemodule;
				VALIDATE_PRODUCT = YES;
			};
			name = Release;
		};
		AE3A91282B5E9CB7002B1EC9 /* Debug */ = {
			isa = XCBuildConfiguration;
			baseConfigurationReference = C825128C0F96BF724C31198A /* Pods-GoodToKnow.debug.xcconfig */;
			buildSettings = {
				ASSETCATALOG_COMPILER_APPICON_NAME = AppIcon;
				ASSETCATALOG_COMPILER_GLOBAL_ACCENT_COLOR_NAME = AccentColor;
				CODE_SIGN_STYLE = Automatic;
				CURRENT_PROJECT_VERSION = 1;
				DEVELOPMENT_TEAM = 2V7H4K2DAH;
				ENABLE_USER_SCRIPT_SANDBOXING = NO;
				GENERATE_INFOPLIST_FILE = YES;
				INFOPLIST_FILE = GoodToKnow/Info.plist;
				INFOPLIST_KEY_UIApplicationSupportsIndirectInputEvents = YES;
				INFOPLIST_KEY_UILaunchStoryboardName = LaunchScreen;
				INFOPLIST_KEY_UISupportedInterfaceOrientations_iPad = "UIInterfaceOrientationPortrait UIInterfaceOrientationPortraitUpsideDown UIInterfaceOrientationLandscapeLeft UIInterfaceOrientationLandscapeRight";
				INFOPLIST_KEY_UISupportedInterfaceOrientations_iPhone = "UIInterfaceOrientationPortrait UIInterfaceOrientationLandscapeLeft UIInterfaceOrientationLandscapeRight";
				LD_RUNPATH_SEARCH_PATHS = (
					"$(inherited)",
					"@executable_path/Frameworks",
				);
				MARKETING_VERSION = 1.0;
				PRODUCT_BUNDLE_IDENTIFIER = com.RayCode.GoodToKnow;
				PRODUCT_NAME = "$(TARGET_NAME)";
				SWIFT_EMIT_LOC_STRINGS = YES;
				SWIFT_VERSION = 5.0;
				TARGETED_DEVICE_FAMILY = "1,2";
			};
			name = Debug;
		};
		AE3A91292B5E9CB7002B1EC9 /* Release */ = {
			isa = XCBuildConfiguration;
			baseConfigurationReference = F1807ECDDCE2312F59F3DF75 /* Pods-GoodToKnow.release.xcconfig */;
			buildSettings = {
				ASSETCATALOG_COMPILER_APPICON_NAME = AppIcon;
				ASSETCATALOG_COMPILER_GLOBAL_ACCENT_COLOR_NAME = AccentColor;
				CODE_SIGN_STYLE = Automatic;
				CURRENT_PROJECT_VERSION = 1;
				DEVELOPMENT_TEAM = 2V7H4K2DAH;
				ENABLE_USER_SCRIPT_SANDBOXING = NO;
				GENERATE_INFOPLIST_FILE = YES;
				INFOPLIST_FILE = GoodToKnow/Info.plist;
				INFOPLIST_KEY_UIApplicationSupportsIndirectInputEvents = YES;
				INFOPLIST_KEY_UILaunchStoryboardName = LaunchScreen;
				INFOPLIST_KEY_UISupportedInterfaceOrientations_iPad = "UIInterfaceOrientationPortrait UIInterfaceOrientationPortraitUpsideDown UIInterfaceOrientationLandscapeLeft UIInterfaceOrientationLandscapeRight";
				INFOPLIST_KEY_UISupportedInterfaceOrientations_iPhone = "UIInterfaceOrientationPortrait UIInterfaceOrientationLandscapeLeft UIInterfaceOrientationLandscapeRight";
				LD_RUNPATH_SEARCH_PATHS = (
					"$(inherited)",
					"@executable_path/Frameworks",
				);
				MARKETING_VERSION = 1.0;
				PRODUCT_BUNDLE_IDENTIFIER = com.RayCode.GoodToKnow;
				PRODUCT_NAME = "$(TARGET_NAME)";
				SWIFT_EMIT_LOC_STRINGS = YES;
				SWIFT_VERSION = 5.0;
				TARGETED_DEVICE_FAMILY = "1,2";
			};
			name = Release;
		};
		AE3A912B2B5E9CB7002B1EC9 /* Debug */ = {
			isa = XCBuildConfiguration;
			baseConfigurationReference = 9BE0BD36BAC80CE8B6469007 /* Pods-GoodToKnowTests.debug.xcconfig */;
			buildSettings = {
				ALWAYS_EMBED_SWIFT_STANDARD_LIBRARIES = YES;
				BUNDLE_LOADER = "$(TEST_HOST)";
				CODE_SIGN_STYLE = Automatic;
				CURRENT_PROJECT_VERSION = 1;
				GENERATE_INFOPLIST_FILE = YES;
				IPHONEOS_DEPLOYMENT_TARGET = 17.0;
				MARKETING_VERSION = 1.0;
				PRODUCT_BUNDLE_IDENTIFIER = com.RayCode.GoodToKnowTests;
				PRODUCT_NAME = "$(TARGET_NAME)";
				SWIFT_EMIT_LOC_STRINGS = NO;
				SWIFT_VERSION = 5.0;
				TARGETED_DEVICE_FAMILY = "1,2";
				TEST_HOST = "$(BUILT_PRODUCTS_DIR)/GoodToKnow.app/$(BUNDLE_EXECUTABLE_FOLDER_PATH)/GoodToKnow";
			};
			name = Debug;
		};
		AE3A912C2B5E9CB7002B1EC9 /* Release */ = {
			isa = XCBuildConfiguration;
			baseConfigurationReference = CD5E0D31D7E50980CFAB50D5 /* Pods-GoodToKnowTests.release.xcconfig */;
			buildSettings = {
				ALWAYS_EMBED_SWIFT_STANDARD_LIBRARIES = YES;
				BUNDLE_LOADER = "$(TEST_HOST)";
				CODE_SIGN_STYLE = Automatic;
				CURRENT_PROJECT_VERSION = 1;
				GENERATE_INFOPLIST_FILE = YES;
				IPHONEOS_DEPLOYMENT_TARGET = 17.0;
				MARKETING_VERSION = 1.0;
				PRODUCT_BUNDLE_IDENTIFIER = com.RayCode.GoodToKnowTests;
				PRODUCT_NAME = "$(TARGET_NAME)";
				SWIFT_EMIT_LOC_STRINGS = NO;
				SWIFT_VERSION = 5.0;
				TARGETED_DEVICE_FAMILY = "1,2";
				TEST_HOST = "$(BUILT_PRODUCTS_DIR)/GoodToKnow.app/$(BUNDLE_EXECUTABLE_FOLDER_PATH)/GoodToKnow";
			};
			name = Release;
		};
		AE3A912E2B5E9CB7002B1EC9 /* Debug */ = {
			isa = XCBuildConfiguration;
			baseConfigurationReference = A9A341685C0188F526BDA5D6 /* Pods-GoodToKnow-GoodToKnowUITests.debug.xcconfig */;
			buildSettings = {
				ALWAYS_EMBED_SWIFT_STANDARD_LIBRARIES = YES;
				CODE_SIGN_STYLE = Automatic;
				CURRENT_PROJECT_VERSION = 1;
				GENERATE_INFOPLIST_FILE = YES;
				MARKETING_VERSION = 1.0;
				PRODUCT_BUNDLE_IDENTIFIER = com.RayCode.GoodToKnowUITests;
				PRODUCT_NAME = "$(TARGET_NAME)";
				SWIFT_EMIT_LOC_STRINGS = NO;
				SWIFT_VERSION = 5.0;
				TARGETED_DEVICE_FAMILY = "1,2";
				TEST_TARGET_NAME = GoodToKnow;
			};
			name = Debug;
		};
		AE3A912F2B5E9CB7002B1EC9 /* Release */ = {
			isa = XCBuildConfiguration;
			baseConfigurationReference = FE7B972DA7754B26D310C652 /* Pods-GoodToKnow-GoodToKnowUITests.release.xcconfig */;
			buildSettings = {
				ALWAYS_EMBED_SWIFT_STANDARD_LIBRARIES = YES;
				CODE_SIGN_STYLE = Automatic;
				CURRENT_PROJECT_VERSION = 1;
				GENERATE_INFOPLIST_FILE = YES;
				MARKETING_VERSION = 1.0;
				PRODUCT_BUNDLE_IDENTIFIER = com.RayCode.GoodToKnowUITests;
				PRODUCT_NAME = "$(TARGET_NAME)";
				SWIFT_EMIT_LOC_STRINGS = NO;
				SWIFT_VERSION = 5.0;
				TARGETED_DEVICE_FAMILY = "1,2";
				TEST_TARGET_NAME = GoodToKnow;
			};
			name = Release;
		};
/* End XCBuildConfiguration section */

/* Begin XCConfigurationList section */
		AE3A90F82B5E9CB6002B1EC9 /* Build configuration list for PBXProject "GoodToKnow" */ = {
			isa = XCConfigurationList;
			buildConfigurations = (
				AE3A91252B5E9CB7002B1EC9 /* Debug */,
				AE3A91262B5E9CB7002B1EC9 /* Release */,
			);
			defaultConfigurationIsVisible = 0;
			defaultConfigurationName = Release;
		};
		AE3A91272B5E9CB7002B1EC9 /* Build configuration list for PBXNativeTarget "GoodToKnow" */ = {
			isa = XCConfigurationList;
			buildConfigurations = (
				AE3A91282B5E9CB7002B1EC9 /* Debug */,
				AE3A91292B5E9CB7002B1EC9 /* Release */,
			);
			defaultConfigurationIsVisible = 0;
			defaultConfigurationName = Release;
		};
		AE3A912A2B5E9CB7002B1EC9 /* Build configuration list for PBXNativeTarget "GoodToKnowTests" */ = {
			isa = XCConfigurationList;
			buildConfigurations = (
				AE3A912B2B5E9CB7002B1EC9 /* Debug */,
				AE3A912C2B5E9CB7002B1EC9 /* Release */,
			);
			defaultConfigurationIsVisible = 0;
			defaultConfigurationName = Release;
		};
		AE3A912D2B5E9CB7002B1EC9 /* Build configuration list for PBXNativeTarget "GoodToKnowUITests" */ = {
			isa = XCConfigurationList;
			buildConfigurations = (
				AE3A912E2B5E9CB7002B1EC9 /* Debug */,
				AE3A912F2B5E9CB7002B1EC9 /* Release */,
			);
			defaultConfigurationIsVisible = 0;
			defaultConfigurationName = Release;
		};
/* End XCConfigurationList section */
	};
	rootObject = AE3A90F52B5E9CB6002B1EC9 /* Project object */;
}
