// !$*UTF8*$!
{
	archiveVersion = 1;
	classes = {
	};
	objectVersion = 56;
	objects = {

/* Begin PBXBuildFile section */
		AE2499222B8B7F5E00B87E61 /* NewsDetailsViewController.swift in Sources */ = {isa = PBXBuildFile; fileRef = AE2499212B8B7F5E00B87E61 /* NewsDetailsViewController.swift */; };
		AE2499242B8B84FA00B87E61 /* URLExtension.swift in Sources */ = {isa = PBXBuildFile; fileRef = AE2499232B8B84FA00B87E61 /* URLExtension.swift */; };
		AE3A91012B5E9CB6002B1EC9 /* AppDelegate.swift in Sources */ = {isa = PBXBuildFile; fileRef = AE3A91002B5E9CB6002B1EC9 /* AppDelegate.swift */; };
		AE3A91032B5E9CB6002B1EC9 /* SceneDelegate.swift in Sources */ = {isa = PBXBuildFile; fileRef = AE3A91022B5E9CB6002B1EC9 /* SceneDelegate.swift */; };
		AE3A91052B5E9CB6002B1EC9 /* NewsListViewController.swift in Sources */ = {isa = PBXBuildFile; fileRef = AE3A91042B5E9CB6002B1EC9 /* NewsListViewController.swift */; };
		AE3A910A2B5E9CB7002B1EC9 /* Assets.xcassets in Resources */ = {isa = PBXBuildFile; fileRef = AE3A91092B5E9CB7002B1EC9 /* Assets.xcassets */; };
		AE3A910D2B5E9CB7002B1EC9 /* LaunchScreen.storyboard in Resources */ = {isa = PBXBuildFile; fileRef = AE3A910B2B5E9CB7002B1EC9 /* LaunchScreen.storyboard */; };
		AE3A91182B5E9CB7002B1EC9 /* GoodToKnowTests.swift in Sources */ = {isa = PBXBuildFile; fileRef = AE3A91172B5E9CB7002B1EC9 /* GoodToKnowTests.swift */; };
		AE3A91222B5E9CB7002B1EC9 /* GoodToKnowUITests.swift in Sources */ = {isa = PBXBuildFile; fileRef = AE3A91212B5E9CB7002B1EC9 /* GoodToKnowUITests.swift */; };
		AE3A91242B5E9CB7002B1EC9 /* GoodToKnowUITestsLaunchTests.swift in Sources */ = {isa = PBXBuildFile; fileRef = AE3A91232B5E9CB7002B1EC9 /* GoodToKnowUITestsLaunchTests.swift */; };
		AE3A91322B5EB175002B1EC9 /* NewsArticle.swift in Sources */ = {isa = PBXBuildFile; fileRef = AE3A91312B5EB175002B1EC9 /* NewsArticle.swift */; };
		AE3A91342B5EB2B4002B1EC9 /* HotNewsViewModel.swift in Sources */ = {isa = PBXBuildFile; fileRef = AE3A91332B5EB2B4002B1EC9 /* HotNewsViewModel.swift */; };
		AE3A91372B5EB86A002B1EC9 /* UIViewExtension.swift in Sources */ = {isa = PBXBuildFile; fileRef = AE3A91362B5EB86A002B1EC9 /* UIViewExtension.swift */; };
		AE3A91392B5FBCAD002B1EC9 /* NewsListHeaderView.swift in Sources */ = {isa = PBXBuildFile; fileRef = AE3A91382B5FBCAD002B1EC9 /* NewsListHeaderView.swift */; };
		AE3A913B2B5FE242002B1EC9 /* HotNewsAPIService.swift in Sources */ = {isa = PBXBuildFile; fileRef = AE3A913A2B5FE242002B1EC9 /* HotNewsAPIService.swift */; };
		AE3A913D2B5FE89B002B1EC9 /* NewsListTableViewCell.swift in Sources */ = {isa = PBXBuildFile; fileRef = AE3A913C2B5FE89A002B1EC9 /* NewsListTableViewCell.swift */; };
		AE3A913F2B5FFD41002B1EC9 /* PaginationCursor.swift in Sources */ = {isa = PBXBuildFile; fileRef = AE3A913E2B5FFD41002B1EC9 /* PaginationCursor.swift */; };
		AE3A91412B610C99002B1EC9 /* MathHelper.swift in Sources */ = {isa = PBXBuildFile; fileRef = AE3A91402B610C99002B1EC9 /* MathHelper.swift */; };
		AE3A91482B6113BE002B1EC9 /* UIColorExtension.swift in Sources */ = {isa = PBXBuildFile; fileRef = AE3A91472B6113BE002B1EC9 /* UIColorExtension.swift */; };
		AE3A914E2B613EBA002B1EC9 /* CountriesDropdown.swift in Sources */ = {isa = PBXBuildFile; fileRef = AE3A914D2B613EBA002B1EC9 /* CountriesDropdown.swift */; };
		AE6A251C2BA62DE100156EE5 /* WebViewController.swift in Sources */ = {isa = PBXBuildFile; fileRef = AE6A251B2BA62DE100156EE5 /* WebViewController.swift */; };
		AE6A25202BA6DFB800156EE5 /* AllNewsViewModel.swift in Sources */ = {isa = PBXBuildFile; fileRef = AE6A251F2BA6DFB800156EE5 /* AllNewsViewModel.swift */; };
		AE6A25222BA6E2E000156EE5 /* AllNewsAPIService.swift in Sources */ = {isa = PBXBuildFile; fileRef = AE6A25212BA6E2E000156EE5 /* AllNewsAPIService.swift */; };
		AE6A25242BA6E4EA00156EE5 /* AllNewsHeaderViewModel.swift in Sources */ = {isa = PBXBuildFile; fileRef = AE6A25232BA6E4EA00156EE5 /* AllNewsHeaderViewModel.swift */; };
		AE6A25262BA6F1D000156EE5 /* NewsOriginView.swift in Sources */ = {isa = PBXBuildFile; fileRef = AE6A25252BA6F1D000156EE5 /* NewsOriginView.swift */; };
		AE6A25282BA6F84900156EE5 /* DateExtension.swift in Sources */ = {isa = PBXBuildFile; fileRef = AE6A25272BA6F84900156EE5 /* DateExtension.swift */; };
		AEAA3CDB2B820FCC00EB3CE8 /* HotNewsHeaderViewModel.swift in Sources */ = {isa = PBXBuildFile; fileRef = AEAA3CDA2B820FCC00EB3CE8 /* HotNewsHeaderViewModel.swift */; };
		AEAA3CDD2B82160B00EB3CE8 /* UIImageExtension.swift in Sources */ = {isa = PBXBuildFile; fileRef = AEAA3CDC2B82160B00EB3CE8 /* UIImageExtension.swift */; };
		AEAA3CDF2B821DB200EB3CE8 /* NewsSearchFilters.swift in Sources */ = {isa = PBXBuildFile; fileRef = AEAA3CDE2B821DB200EB3CE8 /* NewsSearchFilters.swift */; };
		AECABEAD2B67C18B0087D19B /* TabBarController.swift in Sources */ = {isa = PBXBuildFile; fileRef = AECABEAC2B67C18B0087D19B /* TabBarController.swift */; };
		AECABEAF2B67E6270087D19B /* UIFontExtension.swift in Sources */ = {isa = PBXBuildFile; fileRef = AECABEAE2B67E6270087D19B /* UIFontExtension.swift */; };
/* End PBXBuildFile section */

/* Begin PBXContainerItemProxy section */
		AE3A91142B5E9CB7002B1EC9 /* PBXContainerItemProxy */ = {
			isa = PBXContainerItemProxy;
			containerPortal = AE3A90F52B5E9CB6002B1EC9 /* Project object */;
			proxyType = 1;
			remoteGlobalIDString = AE3A90FC2B5E9CB6002B1EC9;
			remoteInfo = GoodToKnow;
		};
		AE3A911E2B5E9CB7002B1EC9 /* PBXContainerItemProxy */ = {
			isa = PBXContainerItemProxy;
			containerPortal = AE3A90F52B5E9CB6002B1EC9 /* Project object */;
			proxyType = 1;
			remoteGlobalIDString = AE3A90FC2B5E9CB6002B1EC9;
			remoteInfo = GoodToKnow;
		};
/* End PBXContainerItemProxy section */

/* Begin PBXFileReference section */
		AE2499212B8B7F5E00B87E61 /* NewsDetailsViewController.swift */ = {isa = PBXFileReference; lastKnownFileType = sourcecode.swift; path = NewsDetailsViewController.swift; sourceTree = "<group>"; };
		AE2499232B8B84FA00B87E61 /* URLExtension.swift */ = {isa = PBXFileReference; lastKnownFileType = sourcecode.swift; path = URLExtension.swift; sourceTree = "<group>"; };
		AE3A90FD2B5E9CB6002B1EC9 /* GoodToKnow.app */ = {isa = PBXFileReference; explicitFileType = wrapper.application; includeInIndex = 0; path = GoodToKnow.app; sourceTree = BUILT_PRODUCTS_DIR; };
		AE3A91002B5E9CB6002B1EC9 /* AppDelegate.swift */ = {isa = PBXFileReference; lastKnownFileType = sourcecode.swift; path = AppDelegate.swift; sourceTree = "<group>"; };
		AE3A91022B5E9CB6002B1EC9 /* SceneDelegate.swift */ = {isa = PBXFileReference; lastKnownFileType = sourcecode.swift; path = SceneDelegate.swift; sourceTree = "<group>"; };
		AE3A91042B5E9CB6002B1EC9 /* NewsListViewController.swift */ = {isa = PBXFileReference; lastKnownFileType = sourcecode.swift; path = NewsListViewController.swift; sourceTree = "<group>"; };
		AE3A91092B5E9CB7002B1EC9 /* Assets.xcassets */ = {isa = PBXFileReference; lastKnownFileType = folder.assetcatalog; path = Assets.xcassets; sourceTree = "<group>"; };
		AE3A910C2B5E9CB7002B1EC9 /* Base */ = {isa = PBXFileReference; lastKnownFileType = file.storyboard; name = Base; path = Base.lproj/LaunchScreen.storyboard; sourceTree = "<group>"; };
		AE3A910E2B5E9CB7002B1EC9 /* Info.plist */ = {isa = PBXFileReference; lastKnownFileType = text.plist.xml; path = Info.plist; sourceTree = "<group>"; };
		AE3A91132B5E9CB7002B1EC9 /* GoodToKnowTests.xctest */ = {isa = PBXFileReference; explicitFileType = wrapper.cfbundle; includeInIndex = 0; path = GoodToKnowTests.xctest; sourceTree = BUILT_PRODUCTS_DIR; };
		AE3A91172B5E9CB7002B1EC9 /* GoodToKnowTests.swift */ = {isa = PBXFileReference; lastKnownFileType = sourcecode.swift; path = GoodToKnowTests.swift; sourceTree = "<group>"; };
		AE3A911D2B5E9CB7002B1EC9 /* GoodToKnowUITests.xctest */ = {isa = PBXFileReference; explicitFileType = wrapper.cfbundle; includeInIndex = 0; path = GoodToKnowUITests.xctest; sourceTree = BUILT_PRODUCTS_DIR; };
		AE3A91212B5E9CB7002B1EC9 /* GoodToKnowUITests.swift */ = {isa = PBXFileReference; lastKnownFileType = sourcecode.swift; path = GoodToKnowUITests.swift; sourceTree = "<group>"; };
		AE3A91232B5E9CB7002B1EC9 /* GoodToKnowUITestsLaunchTests.swift */ = {isa = PBXFileReference; lastKnownFileType = sourcecode.swift; path = GoodToKnowUITestsLaunchTests.swift; sourceTree = "<group>"; };
		AE3A91312B5EB175002B1EC9 /* NewsArticle.swift */ = {isa = PBXFileReference; lastKnownFileType = sourcecode.swift; path = NewsArticle.swift; sourceTree = "<group>"; };
		AE3A91332B5EB2B4002B1EC9 /* HotNewsViewModel.swift */ = {isa = PBXFileReference; lastKnownFileType = sourcecode.swift; path = HotNewsViewModel.swift; sourceTree = "<group>"; };
		AE3A91362B5EB86A002B1EC9 /* UIViewExtension.swift */ = {isa = PBXFileReference; lastKnownFileType = sourcecode.swift; path = UIViewExtension.swift; sourceTree = "<group>"; };
		AE3A91382B5FBCAD002B1EC9 /* NewsListHeaderView.swift */ = {isa = PBXFileReference; lastKnownFileType = sourcecode.swift; path = NewsListHeaderView.swift; sourceTree = "<group>"; };
		AE3A913A2B5FE242002B1EC9 /* HotNewsAPIService.swift */ = {isa = PBXFileReference; lastKnownFileType = sourcecode.swift; path = HotNewsAPIService.swift; sourceTree = "<group>"; };
		AE3A913C2B5FE89A002B1EC9 /* NewsListTableViewCell.swift */ = {isa = PBXFileReference; lastKnownFileType = sourcecode.swift; path = NewsListTableViewCell.swift; sourceTree = "<group>"; };
		AE3A913E2B5FFD41002B1EC9 /* PaginationCursor.swift */ = {isa = PBXFileReference; lastKnownFileType = sourcecode.swift; path = PaginationCursor.swift; sourceTree = "<group>"; };
		AE3A91402B610C99002B1EC9 /* MathHelper.swift */ = {isa = PBXFileReference; lastKnownFileType = sourcecode.swift; path = MathHelper.swift; sourceTree = "<group>"; };
		AE3A91472B6113BE002B1EC9 /* UIColorExtension.swift */ = {isa = PBXFileReference; lastKnownFileType = sourcecode.swift; path = UIColorExtension.swift; sourceTree = "<group>"; };
		AE3A914D2B613EBA002B1EC9 /* CountriesDropdown.swift */ = {isa = PBXFileReference; lastKnownFileType = sourcecode.swift; path = CountriesDropdown.swift; sourceTree = "<group>"; };
		AE6A251B2BA62DE100156EE5 /* WebViewController.swift */ = {isa = PBXFileReference; lastKnownFileType = sourcecode.swift; path = WebViewController.swift; sourceTree = "<group>"; };
		AE6A251F2BA6DFB800156EE5 /* AllNewsViewModel.swift */ = {isa = PBXFileReference; lastKnownFileType = sourcecode.swift; path = AllNewsViewModel.swift; sourceTree = "<group>"; };
		AE6A25212BA6E2E000156EE5 /* AllNewsAPIService.swift */ = {isa = PBXFileReference; lastKnownFileType = sourcecode.swift; path = AllNewsAPIService.swift; sourceTree = "<group>"; };
		AE6A25232BA6E4EA00156EE5 /* AllNewsHeaderViewModel.swift */ = {isa = PBXFileReference; lastKnownFileType = sourcecode.swift; path = AllNewsHeaderViewModel.swift; sourceTree = "<group>"; };
		AE6A25252BA6F1D000156EE5 /* NewsOriginView.swift */ = {isa = PBXFileReference; lastKnownFileType = sourcecode.swift; path = NewsOriginView.swift; sourceTree = "<group>"; };
		AE6A25272BA6F84900156EE5 /* DateExtension.swift */ = {isa = PBXFileReference; lastKnownFileType = sourcecode.swift; path = DateExtension.swift; sourceTree = "<group>"; };
		AEAA3CDA2B820FCC00EB3CE8 /* HotNewsHeaderViewModel.swift */ = {isa = PBXFileReference; lastKnownFileType = sourcecode.swift; path = HotNewsHeaderViewModel.swift; sourceTree = "<group>"; };
		AEAA3CDC2B82160B00EB3CE8 /* UIImageExtension.swift */ = {isa = PBXFileReference; lastKnownFileType = sourcecode.swift; path = UIImageExtension.swift; sourceTree = "<group>"; };
		AEAA3CDE2B821DB200EB3CE8 /* NewsSearchFilters.swift */ = {isa = PBXFileReference; lastKnownFileType = sourcecode.swift; path = NewsSearchFilters.swift; sourceTree = "<group>"; };
		AECABEAC2B67C18B0087D19B /* TabBarController.swift */ = {isa = PBXFileReference; lastKnownFileType = sourcecode.swift; path = TabBarController.swift; sourceTree = "<group>"; };
		AECABEAE2B67E6270087D19B /* UIFontExtension.swift */ = {isa = PBXFileReference; lastKnownFileType = sourcecode.swift; path = UIFontExtension.swift; sourceTree = "<group>"; };
/* End PBXFileReference section */

/* Begin PBXFrameworksBuildPhase section */
		AE3A90FA2B5E9CB6002B1EC9 /* Frameworks */ = {
			isa = PBXFrameworksBuildPhase;
			buildActionMask = 2147483647;
			files = (
			);
			runOnlyForDeploymentPostprocessing = 0;
		};
		AE3A91102B5E9CB7002B1EC9 /* Frameworks */ = {
			isa = PBXFrameworksBuildPhase;
			buildActionMask = 2147483647;
			files = (
			);
			runOnlyForDeploymentPostprocessing = 0;
		};
		AE3A911A2B5E9CB7002B1EC9 /* Frameworks */ = {
			isa = PBXFrameworksBuildPhase;
			buildActionMask = 2147483647;
			files = (
			);
			runOnlyForDeploymentPostprocessing = 0;
		};
/* End PBXFrameworksBuildPhase section */

/* Begin PBXGroup section */
		AE24991E2B8B50F400B87E61 /* News */ = {
			isa = PBXGroup;
			children = (
				AE3A91422B6110A5002B1EC9 /* Model */,
				AE3A91432B6110B5002B1EC9 /* View */,
			);
			path = News;
			sourceTree = "<group>";
		};
		AE24991F2B8B7F2600B87E61 /* NewsDetails */ = {
			isa = PBXGroup;
			children = (
				AE2499202B8B7F3600B87E61 /* View */,
			);
			path = NewsDetails;
			sourceTree = "<group>";
		};
		AE2499202B8B7F3600B87E61 /* View */ = {
			isa = PBXGroup;
			children = (
				AE2499212B8B7F5E00B87E61 /* NewsDetailsViewController.swift */,
				AE6A25252BA6F1D000156EE5 /* NewsOriginView.swift */,
			);
			path = View;
			sourceTree = "<group>";
		};
		AE3A90F42B5E9CB6002B1EC9 = {
			isa = PBXGroup;
			children = (
				AE3A90FF2B5E9CB6002B1EC9 /* GoodToKnow */,
				AE3A91162B5E9CB7002B1EC9 /* GoodToKnowTests */,
				AE3A91202B5E9CB7002B1EC9 /* GoodToKnowUITests */,
				AE3A90FE2B5E9CB6002B1EC9 /* Products */,
			);
			sourceTree = "<group>";
		};
		AE3A90FE2B5E9CB6002B1EC9 /* Products */ = {
			isa = PBXGroup;
			children = (
				AE3A90FD2B5E9CB6002B1EC9 /* GoodToKnow.app */,
				AE3A91132B5E9CB7002B1EC9 /* GoodToKnowTests.xctest */,
				AE3A911D2B5E9CB7002B1EC9 /* GoodToKnowUITests.xctest */,
			);
			name = Products;
			sourceTree = "<group>";
		};
		AE3A90FF2B5E9CB6002B1EC9 /* GoodToKnow */ = {
			isa = PBXGroup;
			children = (
				AE24991F2B8B7F2600B87E61 /* NewsDetails */,
				AE24991E2B8B50F400B87E61 /* News */,
				AE3A91462B611127002B1EC9 /* Helpers */,
				AE3A91352B5EB84E002B1EC9 /* Extensions */,
				AE6A251D2BA6DFA500156EE5 /* AllNews */,
				AE3A91302B5EB0A0002B1EC9 /* HotNews */,
				AE3A91002B5E9CB6002B1EC9 /* AppDelegate.swift */,
				AE3A91022B5E9CB6002B1EC9 /* SceneDelegate.swift */,
				AECABEAB2B67C1260087D19B /* TabBar */,
				AE3A91092B5E9CB7002B1EC9 /* Assets.xcassets */,
				AE3A910B2B5E9CB7002B1EC9 /* LaunchScreen.storyboard */,
				AE3A910E2B5E9CB7002B1EC9 /* Info.plist */,
			);
			path = GoodToKnow;
			sourceTree = "<group>";
		};
		AE3A91162B5E9CB7002B1EC9 /* GoodToKnowTests */ = {
			isa = PBXGroup;
			children = (
				AE3A91172B5E9CB7002B1EC9 /* GoodToKnowTests.swift */,
			);
			path = GoodToKnowTests;
			sourceTree = "<group>";
		};
		AE3A91202B5E9CB7002B1EC9 /* GoodToKnowUITests */ = {
			isa = PBXGroup;
			children = (
				AE3A91212B5E9CB7002B1EC9 /* GoodToKnowUITests.swift */,
				AE3A91232B5E9CB7002B1EC9 /* GoodToKnowUITestsLaunchTests.swift */,
			);
			path = GoodToKnowUITests;
			sourceTree = "<group>";
		};
		AE3A91302B5EB0A0002B1EC9 /* HotNews */ = {
			isa = PBXGroup;
			children = (
				AE3A91442B6110D5002B1EC9 /* ViewModel */,
				AE3A91452B6110E9002B1EC9 /* Service */,
			);
			path = HotNews;
			sourceTree = "<group>";
		};
		AE3A91352B5EB84E002B1EC9 /* Extensions */ = {
			isa = PBXGroup;
			children = (
				AE3A91362B5EB86A002B1EC9 /* UIViewExtension.swift */,
				AE3A91472B6113BE002B1EC9 /* UIColorExtension.swift */,
				AECABEAE2B67E6270087D19B /* UIFontExtension.swift */,
				AEAA3CDC2B82160B00EB3CE8 /* UIImageExtension.swift */,
				AE2499232B8B84FA00B87E61 /* URLExtension.swift */,
				AE6A25272BA6F84900156EE5 /* DateExtension.swift */,
			);
			path = Extensions;
			sourceTree = "<group>";
		};
		AE3A91422B6110A5002B1EC9 /* Model */ = {
			isa = PBXGroup;
			children = (
				AE3A91312B5EB175002B1EC9 /* NewsArticle.swift */,
				AEAA3CDE2B821DB200EB3CE8 /* NewsSearchFilters.swift */,
			);
			path = Model;
			sourceTree = "<group>";
		};
		AE3A91432B6110B5002B1EC9 /* View */ = {
			isa = PBXGroup;
			children = (
				AE3A91382B5FBCAD002B1EC9 /* NewsListHeaderView.swift */,
				AE3A91042B5E9CB6002B1EC9 /* NewsListViewController.swift */,
				AE3A913C2B5FE89A002B1EC9 /* NewsListTableViewCell.swift */,
				AE3A914D2B613EBA002B1EC9 /* CountriesDropdown.swift */,
			);
			path = View;
			sourceTree = "<group>";
		};
		AE3A91442B6110D5002B1EC9 /* ViewModel */ = {
			isa = PBXGroup;
			children = (
				AEAA3CDA2B820FCC00EB3CE8 /* HotNewsHeaderViewModel.swift */,
				AE3A91332B5EB2B4002B1EC9 /* HotNewsViewModel.swift */,
			);
			path = ViewModel;
			sourceTree = "<group>";
		};
		AE3A91452B6110E9002B1EC9 /* Service */ = {
			isa = PBXGroup;
			children = (
				AE3A913A2B5FE242002B1EC9 /* HotNewsAPIService.swift */,
				AE6A25212BA6E2E000156EE5 /* AllNewsAPIService.swift */,
			);
			path = Service;
			sourceTree = "<group>";
		};
		AE3A91462B611127002B1EC9 /* Helpers */ = {
			isa = PBXGroup;
			children = (
				AE3A913E2B5FFD41002B1EC9 /* PaginationCursor.swift */,
				AE3A91402B610C99002B1EC9 /* MathHelper.swift */,
				AE6A251B2BA62DE100156EE5 /* WebViewController.swift */,
			);
			path = Helpers;
			sourceTree = "<group>";
		};
		AE6A251D2BA6DFA500156EE5 /* AllNews */ = {
			isa = PBXGroup;
			children = (
				AE6A251E2BA6DFAF00156EE5 /* ViewModel */,
			);
			path = AllNews;
			sourceTree = "<group>";
		};
		AE6A251E2BA6DFAF00156EE5 /* ViewModel */ = {
			isa = PBXGroup;
			children = (
				AE6A25232BA6E4EA00156EE5 /* AllNewsHeaderViewModel.swift */,
				AE6A251F2BA6DFB800156EE5 /* AllNewsViewModel.swift */,
			);
			path = ViewModel;
			sourceTree = "<group>";
		};
		AECABEAB2B67C1260087D19B /* TabBar */ = {
			isa = PBXGroup;
			children = (
				AECABEAC2B67C18B0087D19B /* TabBarController.swift */,
			);
			path = TabBar;
			sourceTree = "<group>";
		};
/* End PBXGroup section */

/* Begin PBXNativeTarget section */
		AE3A90FC2B5E9CB6002B1EC9 /* GoodToKnow */ = {
			isa = PBXNativeTarget;
			buildConfigurationList = AE3A91272B5E9CB7002B1EC9 /* Build configuration list for PBXNativeTarget "GoodToKnow" */;
			buildPhases = (
				AE3A90F92B5E9CB6002B1EC9 /* Sources */,
				AE3A90FA2B5E9CB6002B1EC9 /* Frameworks */,
				AE3A90FB2B5E9CB6002B1EC9 /* Resources */,
			);
			buildRules = (
			);
			dependencies = (
			);
			name = GoodToKnow;
			productName = GoodToKnow;
			productReference = AE3A90FD2B5E9CB6002B1EC9 /* GoodToKnow.app */;
			productType = "com.apple.product-type.application";
		};
		AE3A91122B5E9CB7002B1EC9 /* GoodToKnowTests */ = {
			isa = PBXNativeTarget;
			buildConfigurationList = AE3A912A2B5E9CB7002B1EC9 /* Build configuration list for PBXNativeTarget "GoodToKnowTests" */;
			buildPhases = (
				AE3A910F2B5E9CB7002B1EC9 /* Sources */,
				AE3A91102B5E9CB7002B1EC9 /* Frameworks */,
				AE3A91112B5E9CB7002B1EC9 /* Resources */,
			);
			buildRules = (
			);
			dependencies = (
				AE3A91152B5E9CB7002B1EC9 /* PBXTargetDependency */,
			);
			name = GoodToKnowTests;
			productName = GoodToKnowTests;
			productReference = AE3A91132B5E9CB7002B1EC9 /* GoodToKnowTests.xctest */;
			productType = "com.apple.product-type.bundle.unit-test";
		};
		AE3A911C2B5E9CB7002B1EC9 /* GoodToKnowUITests */ = {
			isa = PBXNativeTarget;
			buildConfigurationList = AE3A912D2B5E9CB7002B1EC9 /* Build configuration list for PBXNativeTarget "GoodToKnowUITests" */;
			buildPhases = (
				AE3A91192B5E9CB7002B1EC9 /* Sources */,
				AE3A911A2B5E9CB7002B1EC9 /* Frameworks */,
				AE3A911B2B5E9CB7002B1EC9 /* Resources */,
			);
			buildRules = (
			);
			dependencies = (
				AE3A911F2B5E9CB7002B1EC9 /* PBXTargetDependency */,
			);
			name = GoodToKnowUITests;
			productName = GoodToKnowUITests;
			productReference = AE3A911D2B5E9CB7002B1EC9 /* GoodToKnowUITests.xctest */;
			productType = "com.apple.product-type.bundle.ui-testing";
		};
/* End PBXNativeTarget section */

/* Begin PBXProject section */
		AE3A90F52B5E9CB6002B1EC9 /* Project object */ = {
			isa = PBXProject;
			attributes = {
				BuildIndependentTargetsInParallel = 1;
				LastSwiftUpdateCheck = 1500;
				LastUpgradeCheck = 1500;
				TargetAttributes = {
					AE3A90FC2B5E9CB6002B1EC9 = {
						CreatedOnToolsVersion = 15.0;
					};
					AE3A91122B5E9CB7002B1EC9 = {
						CreatedOnToolsVersion = 15.0;
						TestTargetID = AE3A90FC2B5E9CB6002B1EC9;
					};
					AE3A911C2B5E9CB7002B1EC9 = {
						CreatedOnToolsVersion = 15.0;
						TestTargetID = AE3A90FC2B5E9CB6002B1EC9;
					};
				};
			};
			buildConfigurationList = AE3A90F82B5E9CB6002B1EC9 /* Build configuration list for PBXProject "GoodToKnow" */;
			compatibilityVersion = "Xcode 14.0";
			developmentRegion = en;
			hasScannedForEncodings = 0;
			knownRegions = (
				en,
				Base,
			);
			mainGroup = AE3A90F42B5E9CB6002B1EC9;
			productRefGroup = AE3A90FE2B5E9CB6002B1EC9 /* Products */;
			projectDirPath = "";
			projectRoot = "";
			targets = (
				AE3A90FC2B5E9CB6002B1EC9 /* GoodToKnow */,
				AE3A91122B5E9CB7002B1EC9 /* GoodToKnowTests */,
				AE3A911C2B5E9CB7002B1EC9 /* GoodToKnowUITests */,
			);
		};
/* End PBXProject section */

/* Begin PBXResourcesBuildPhase section */
		AE3A90FB2B5E9CB6002B1EC9 /* Resources */ = {
			isa = PBXResourcesBuildPhase;
			buildActionMask = 2147483647;
			files = (
				AE3A910D2B5E9CB7002B1EC9 /* LaunchScreen.storyboard in Resources */,
				AE3A910A2B5E9CB7002B1EC9 /* Assets.xcassets in Resources */,
			);
			runOnlyForDeploymentPostprocessing = 0;
		};
		AE3A91112B5E9CB7002B1EC9 /* Resources */ = {
			isa = PBXResourcesBuildPhase;
			buildActionMask = 2147483647;
			files = (
			);
			runOnlyForDeploymentPostprocessing = 0;
		};
		AE3A911B2B5E9CB7002B1EC9 /* Resources */ = {
			isa = PBXResourcesBuildPhase;
			buildActionMask = 2147483647;
			files = (
			);
			runOnlyForDeploymentPostprocessing = 0;
		};
/* End PBXResourcesBuildPhase section */

/* Begin PBXSourcesBuildPhase section */
		AE3A90F92B5E9CB6002B1EC9 /* Sources */ = {
			isa = PBXSourcesBuildPhase;
			buildActionMask = 2147483647;
			files = (
				AE2499222B8B7F5E00B87E61 /* NewsDetailsViewController.swift in Sources */,
				AE6A25222BA6E2E000156EE5 /* AllNewsAPIService.swift in Sources */,
				AE3A913D2B5FE89B002B1EC9 /* NewsListTableViewCell.swift in Sources */,
				AECABEAF2B67E6270087D19B /* UIFontExtension.swift in Sources */,
				AEAA3CDD2B82160B00EB3CE8 /* UIImageExtension.swift in Sources */,
				AE6A25282BA6F84900156EE5 /* DateExtension.swift in Sources */,
				AE6A25262BA6F1D000156EE5 /* NewsOriginView.swift in Sources */,
				AE6A251C2BA62DE100156EE5 /* WebViewController.swift in Sources */,
				AE3A91372B5EB86A002B1EC9 /* UIViewExtension.swift in Sources */,
				AE2499242B8B84FA00B87E61 /* URLExtension.swift in Sources */,
				AECABEAD2B67C18B0087D19B /* TabBarController.swift in Sources */,
				AEAA3CDB2B820FCC00EB3CE8 /* HotNewsHeaderViewModel.swift in Sources */,
				AEAA3CDF2B821DB200EB3CE8 /* NewsSearchFilters.swift in Sources */,
				AE3A91052B5E9CB6002B1EC9 /* NewsListViewController.swift in Sources */,
				AE3A913F2B5FFD41002B1EC9 /* PaginationCursor.swift in Sources */,
				AE3A91342B5EB2B4002B1EC9 /* HotNewsViewModel.swift in Sources */,
				AE3A91012B5E9CB6002B1EC9 /* AppDelegate.swift in Sources */,
				AE3A91322B5EB175002B1EC9 /* NewsArticle.swift in Sources */,
				AE3A913B2B5FE242002B1EC9 /* HotNewsAPIService.swift in Sources */,
				AE3A91392B5FBCAD002B1EC9 /* NewsListHeaderView.swift in Sources */,
				AE6A25242BA6E4EA00156EE5 /* AllNewsHeaderViewModel.swift in Sources */,
				AE3A91412B610C99002B1EC9 /* MathHelper.swift in Sources */,
				AE3A91032B5E9CB6002B1EC9 /* SceneDelegate.swift in Sources */,
				AE6A25202BA6DFB800156EE5 /* AllNewsViewModel.swift in Sources */,
				AE3A91482B6113BE002B1EC9 /* UIColorExtension.swift in Sources */,
				AE3A914E2B613EBA002B1EC9 /* CountriesDropdown.swift in Sources */,
			);
			runOnlyForDeploymentPostprocessing = 0;
		};
		AE3A910F2B5E9CB7002B1EC9 /* Sources */ = {
			isa = PBXSourcesBuildPhase;
			buildActionMask = 2147483647;
			files = (
				AE3A91182B5E9CB7002B1EC9 /* GoodToKnowTests.swift in Sources */,
			);
			runOnlyForDeploymentPostprocessing = 0;
		};
		AE3A91192B5E9CB7002B1EC9 /* Sources */ = {
			isa = PBXSourcesBuildPhase;
			buildActionMask = 2147483647;
			files = (
				AE3A91222B5E9CB7002B1EC9 /* GoodToKnowUITests.swift in Sources */,
				AE3A91242B5E9CB7002B1EC9 /* GoodToKnowUITestsLaunchTests.swift in Sources */,
			);
			runOnlyForDeploymentPostprocessing = 0;
		};
/* End PBXSourcesBuildPhase section */

/* Begin PBXTargetDependency section */
		AE3A91152B5E9CB7002B1EC9 /* PBXTargetDependency */ = {
			isa = PBXTargetDependency;
			target = AE3A90FC2B5E9CB6002B1EC9 /* GoodToKnow */;
			targetProxy = AE3A91142B5E9CB7002B1EC9 /* PBXContainerItemProxy */;
		};
		AE3A911F2B5E9CB7002B1EC9 /* PBXTargetDependency */ = {
			isa = PBXTargetDependency;
			target = AE3A90FC2B5E9CB6002B1EC9 /* GoodToKnow */;
			targetProxy = AE3A911E2B5E9CB7002B1EC9 /* PBXContainerItemProxy */;
		};
/* End PBXTargetDependency section */

/* Begin PBXVariantGroup section */
		AE3A910B2B5E9CB7002B1EC9 /* LaunchScreen.storyboard */ = {
			isa = PBXVariantGroup;
			children = (
				AE3A910C2B5E9CB7002B1EC9 /* Base */,
			);
			name = LaunchScreen.storyboard;
			sourceTree = "<group>";
		};
/* End PBXVariantGroup section */

/* Begin XCBuildConfiguration section */
		AE3A91252B5E9CB7002B1EC9 /* Debug */ = {
			isa = XCBuildConfiguration;
			buildSettings = {
				ALWAYS_SEARCH_USER_PATHS = NO;
				ASSETCATALOG_COMPILER_GENERATE_SWIFT_ASSET_SYMBOL_EXTENSIONS = YES;
				CLANG_ANALYZER_NONNULL = YES;
				CLANG_ANALYZER_NUMBER_OBJECT_CONVERSION = YES_AGGRESSIVE;
				CLANG_CXX_LANGUAGE_STANDARD = "gnu++20";
				CLANG_ENABLE_MODULES = YES;
				CLANG_ENABLE_OBJC_ARC = YES;
				CLANG_ENABLE_OBJC_WEAK = YES;
				CLANG_WARN_BLOCK_CAPTURE_AUTORELEASING = YES;
				CLANG_WARN_BOOL_CONVERSION = YES;
				CLANG_WARN_COMMA = YES;
				CLANG_WARN_CONSTANT_CONVERSION = YES;
				CLANG_WARN_DEPRECATED_OBJC_IMPLEMENTATIONS = YES;
				CLANG_WARN_DIRECT_OBJC_ISA_USAGE = YES_ERROR;
				CLANG_WARN_DOCUMENTATION_COMMENTS = YES;
				CLANG_WARN_EMPTY_BODY = YES;
				CLANG_WARN_ENUM_CONVERSION = YES;
				CLANG_WARN_INFINITE_RECURSION = YES;
				CLANG_WARN_INT_CONVERSION = YES;
				CLANG_WARN_NON_LITERAL_NULL_CONVERSION = YES;
				CLANG_WARN_OBJC_IMPLICIT_RETAIN_SELF = YES;
				CLANG_WARN_OBJC_LITERAL_CONVERSION = YES;
				CLANG_WARN_OBJC_ROOT_CLASS = YES_ERROR;
				CLANG_WARN_QUOTED_INCLUDE_IN_FRAMEWORK_HEADER = YES;
				CLANG_WARN_RANGE_LOOP_ANALYSIS = YES;
				CLANG_WARN_STRICT_PROTOTYPES = YES;
				CLANG_WARN_SUSPICIOUS_MOVE = YES;
				CLANG_WARN_UNGUARDED_AVAILABILITY = YES_AGGRESSIVE;
				CLANG_WARN_UNREACHABLE_CODE = YES;
				CLANG_WARN__DUPLICATE_METHOD_MATCH = YES;
				COPY_PHASE_STRIP = NO;
				DEBUG_INFORMATION_FORMAT = dwarf;
				ENABLE_STRICT_OBJC_MSGSEND = YES;
				ENABLE_TESTABILITY = YES;
				ENABLE_USER_SCRIPT_SANDBOXING = YES;
				GCC_C_LANGUAGE_STANDARD = gnu17;
				GCC_DYNAMIC_NO_PIC = NO;
				GCC_NO_COMMON_BLOCKS = YES;
				GCC_OPTIMIZATION_LEVEL = 0;
				GCC_PREPROCESSOR_DEFINITIONS = (
					"DEBUG=1",
					"$(inherited)",
				);
				GCC_WARN_64_TO_32_BIT_CONVERSION = YES;
				GCC_WARN_ABOUT_RETURN_TYPE = YES_ERROR;
				GCC_WARN_UNDECLARED_SELECTOR = YES;
				GCC_WARN_UNINITIALIZED_AUTOS = YES_AGGRESSIVE;
				GCC_WARN_UNUSED_FUNCTION = YES;
				GCC_WARN_UNUSED_VARIABLE = YES;
				IPHONEOS_DEPLOYMENT_TARGET = 17.0;
				LOCALIZATION_PREFERS_STRING_CATALOGS = YES;
				MTL_ENABLE_DEBUG_INFO = INCLUDE_SOURCE;
				MTL_FAST_MATH = YES;
				ONLY_ACTIVE_ARCH = YES;
				SDKROOT = iphoneos;
				SWIFT_ACTIVE_COMPILATION_CONDITIONS = "DEBUG $(inherited)";
				SWIFT_OPTIMIZATION_LEVEL = "-Onone";
			};
			name = Debug;
		};
		AE3A91262B5E9CB7002B1EC9 /* Release */ = {
			isa = XCBuildConfiguration;
			buildSettings = {
				ALWAYS_SEARCH_USER_PATHS = NO;
				ASSETCATALOG_COMPILER_GENERATE_SWIFT_ASSET_SYMBOL_EXTENSIONS = YES;
				CLANG_ANALYZER_NONNULL = YES;
				CLANG_ANALYZER_NUMBER_OBJECT_CONVERSION = YES_AGGRESSIVE;
				CLANG_CXX_LANGUAGE_STANDARD = "gnu++20";
				CLANG_ENABLE_MODULES = YES;
				CLANG_ENABLE_OBJC_ARC = YES;
				CLANG_ENABLE_OBJC_WEAK = YES;
				CLANG_WARN_BLOCK_CAPTURE_AUTORELEASING = YES;
				CLANG_WARN_BOOL_CONVERSION = YES;
				CLANG_WARN_COMMA = YES;
				CLANG_WARN_CONSTANT_CONVERSION = YES;
				CLANG_WARN_DEPRECATED_OBJC_IMPLEMENTATIONS = YES;
				CLANG_WARN_DIRECT_OBJC_ISA_USAGE = YES_ERROR;
				CLANG_WARN_DOCUMENTATION_COMMENTS = YES;
				CLANG_WARN_EMPTY_BODY = YES;
				CLANG_WARN_ENUM_CONVERSION = YES;
				CLANG_WARN_INFINITE_RECURSION = YES;
				CLANG_WARN_INT_CONVERSION = YES;
				CLANG_WARN_NON_LITERAL_NULL_CONVERSION = YES;
				CLANG_WARN_OBJC_IMPLICIT_RETAIN_SELF = YES;
				CLANG_WARN_OBJC_LITERAL_CONVERSION = YES;
				CLANG_WARN_OBJC_ROOT_CLASS = YES_ERROR;
				CLANG_WARN_QUOTED_INCLUDE_IN_FRAMEWORK_HEADER = YES;
				CLANG_WARN_RANGE_LOOP_ANALYSIS = YES;
				CLANG_WARN_STRICT_PROTOTYPES = YES;
				CLANG_WARN_SUSPICIOUS_MOVE = YES;
				CLANG_WARN_UNGUARDED_AVAILABILITY = YES_AGGRESSIVE;
				CLANG_WARN_UNREACHABLE_CODE = YES;
				CLANG_WARN__DUPLICATE_METHOD_MATCH = YES;
				COPY_PHASE_STRIP = NO;
				DEBUG_INFORMATION_FORMAT = "dwarf-with-dsym";
				ENABLE_NS_ASSERTIONS = NO;
				ENABLE_STRICT_OBJC_MSGSEND = YES;
				ENABLE_USER_SCRIPT_SANDBOXING = YES;
				GCC_C_LANGUAGE_STANDARD = gnu17;
				GCC_NO_COMMON_BLOCKS = YES;
				GCC_WARN_64_TO_32_BIT_CONVERSION = YES;
				GCC_WARN_ABOUT_RETURN_TYPE = YES_ERROR;
				GCC_WARN_UNDECLARED_SELECTOR = YES;
				GCC_WARN_UNINITIALIZED_AUTOS = YES_AGGRESSIVE;
				GCC_WARN_UNUSED_FUNCTION = YES;
				GCC_WARN_UNUSED_VARIABLE = YES;
				IPHONEOS_DEPLOYMENT_TARGET = 17.0;
				LOCALIZATION_PREFERS_STRING_CATALOGS = YES;
				MTL_ENABLE_DEBUG_INFO = NO;
				MTL_FAST_MATH = YES;
				SDKROOT = iphoneos;
				SWIFT_COMPILATION_MODE = wholemodule;
				VALIDATE_PRODUCT = YES;
			};
			name = Release;
		};
		AE3A91282B5E9CB7002B1EC9 /* Debug */ = {
			isa = XCBuildConfiguration;
			buildSettings = {
				ASSETCATALOG_COMPILER_APPICON_NAME = AppIcon;
				ASSETCATALOG_COMPILER_GLOBAL_ACCENT_COLOR_NAME = AccentColor;
				CODE_SIGN_STYLE = Automatic;
				CURRENT_PROJECT_VERSION = 1;
				GENERATE_INFOPLIST_FILE = YES;
				INFOPLIST_FILE = GoodToKnow/Info.plist;
				INFOPLIST_KEY_UIApplicationSupportsIndirectInputEvents = YES;
				INFOPLIST_KEY_UILaunchStoryboardName = LaunchScreen;
				INFOPLIST_KEY_UISupportedInterfaceOrientations_iPad = "UIInterfaceOrientationPortrait UIInterfaceOrientationPortraitUpsideDown UIInterfaceOrientationLandscapeLeft UIInterfaceOrientationLandscapeRight";
				INFOPLIST_KEY_UISupportedInterfaceOrientations_iPhone = "UIInterfaceOrientationPortrait UIInterfaceOrientationLandscapeLeft UIInterfaceOrientationLandscapeRight";
				LD_RUNPATH_SEARCH_PATHS = (
					"$(inherited)",
					"@executable_path/Frameworks",
				);
				MARKETING_VERSION = 1.0;
				PRODUCT_BUNDLE_IDENTIFIER = com.RayCode.GoodToKnow;
				PRODUCT_NAME = "$(TARGET_NAME)";
				SWIFT_EMIT_LOC_STRINGS = YES;
				SWIFT_VERSION = 5.0;
				TARGETED_DEVICE_FAMILY = "1,2";
			};
			name = Debug;
		};
		AE3A91292B5E9CB7002B1EC9 /* Release */ = {
			isa = XCBuildConfiguration;
			buildSettings = {
				ASSETCATALOG_COMPILER_APPICON_NAME = AppIcon;
				ASSETCATALOG_COMPILER_GLOBAL_ACCENT_COLOR_NAME = AccentColor;
				CODE_SIGN_STYLE = Automatic;
				CURRENT_PROJECT_VERSION = 1;
				GENERATE_INFOPLIST_FILE = YES;
				INFOPLIST_FILE = GoodToKnow/Info.plist;
				INFOPLIST_KEY_UIApplicationSupportsIndirectInputEvents = YES;
				INFOPLIST_KEY_UILaunchStoryboardName = LaunchScreen;
				INFOPLIST_KEY_UISupportedInterfaceOrientations_iPad = "UIInterfaceOrientationPortrait UIInterfaceOrientationPortraitUpsideDown UIInterfaceOrientationLandscapeLeft UIInterfaceOrientationLandscapeRight";
				INFOPLIST_KEY_UISupportedInterfaceOrientations_iPhone = "UIInterfaceOrientationPortrait UIInterfaceOrientationLandscapeLeft UIInterfaceOrientationLandscapeRight";
				LD_RUNPATH_SEARCH_PATHS = (
					"$(inherited)",
					"@executable_path/Frameworks",
				);
				MARKETING_VERSION = 1.0;
				PRODUCT_BUNDLE_IDENTIFIER = com.RayCode.GoodToKnow;
				PRODUCT_NAME = "$(TARGET_NAME)";
				SWIFT_EMIT_LOC_STRINGS = YES;
				SWIFT_VERSION = 5.0;
				TARGETED_DEVICE_FAMILY = "1,2";
			};
			name = Release;
		};
		AE3A912B2B5E9CB7002B1EC9 /* Debug */ = {
			isa = XCBuildConfiguration;
			buildSettings = {
				ALWAYS_EMBED_SWIFT_STANDARD_LIBRARIES = YES;
				BUNDLE_LOADER = "$(TEST_HOST)";
				CODE_SIGN_STYLE = Automatic;
				CURRENT_PROJECT_VERSION = 1;
				GENERATE_INFOPLIST_FILE = YES;
				IPHONEOS_DEPLOYMENT_TARGET = 17.0;
				MARKETING_VERSION = 1.0;
				PRODUCT_BUNDLE_IDENTIFIER = com.RayCode.GoodToKnowTests;
				PRODUCT_NAME = "$(TARGET_NAME)";
				SWIFT_EMIT_LOC_STRINGS = NO;
				SWIFT_VERSION = 5.0;
				TARGETED_DEVICE_FAMILY = "1,2";
				TEST_HOST = "$(BUILT_PRODUCTS_DIR)/GoodToKnow.app/$(BUNDLE_EXECUTABLE_FOLDER_PATH)/GoodToKnow";
			};
			name = Debug;
		};
		AE3A912C2B5E9CB7002B1EC9 /* Release */ = {
			isa = XCBuildConfiguration;
			buildSettings = {
				ALWAYS_EMBED_SWIFT_STANDARD_LIBRARIES = YES;
				BUNDLE_LOADER = "$(TEST_HOST)";
				CODE_SIGN_STYLE = Automatic;
				CURRENT_PROJECT_VERSION = 1;
				GENERATE_INFOPLIST_FILE = YES;
				IPHONEOS_DEPLOYMENT_TARGET = 17.0;
				MARKETING_VERSION = 1.0;
				PRODUCT_BUNDLE_IDENTIFIER = com.RayCode.GoodToKnowTests;
				PRODUCT_NAME = "$(TARGET_NAME)";
				SWIFT_EMIT_LOC_STRINGS = NO;
				SWIFT_VERSION = 5.0;
				TARGETED_DEVICE_FAMILY = "1,2";
				TEST_HOST = "$(BUILT_PRODUCTS_DIR)/GoodToKnow.app/$(BUNDLE_EXECUTABLE_FOLDER_PATH)/GoodToKnow";
			};
			name = Release;
		};
		AE3A912E2B5E9CB7002B1EC9 /* Debug */ = {
			isa = XCBuildConfiguration;
			buildSettings = {
				ALWAYS_EMBED_SWIFT_STANDARD_LIBRARIES = YES;
				CODE_SIGN_STYLE = Automatic;
				CURRENT_PROJECT_VERSION = 1;
				GENERATE_INFOPLIST_FILE = YES;
				MARKETING_VERSION = 1.0;
				PRODUCT_BUNDLE_IDENTIFIER = com.RayCode.GoodToKnowUITests;
				PRODUCT_NAME = "$(TARGET_NAME)";
				SWIFT_EMIT_LOC_STRINGS = NO;
				SWIFT_VERSION = 5.0;
				TARGETED_DEVICE_FAMILY = "1,2";
				TEST_TARGET_NAME = GoodToKnow;
			};
			name = Debug;
		};
		AE3A912F2B5E9CB7002B1EC9 /* Release */ = {
			isa = XCBuildConfiguration;
			buildSettings = {
				ALWAYS_EMBED_SWIFT_STANDARD_LIBRARIES = YES;
				CODE_SIGN_STYLE = Automatic;
				CURRENT_PROJECT_VERSION = 1;
				GENERATE_INFOPLIST_FILE = YES;
				MARKETING_VERSION = 1.0;
				PRODUCT_BUNDLE_IDENTIFIER = com.RayCode.GoodToKnowUITests;
				PRODUCT_NAME = "$(TARGET_NAME)";
				SWIFT_EMIT_LOC_STRINGS = NO;
				SWIFT_VERSION = 5.0;
				TARGETED_DEVICE_FAMILY = "1,2";
				TEST_TARGET_NAME = GoodToKnow;
			};
			name = Release;
		};
/* End XCBuildConfiguration section */

/* Begin XCConfigurationList section */
		AE3A90F82B5E9CB6002B1EC9 /* Build configuration list for PBXProject "GoodToKnow" */ = {
			isa = XCConfigurationList;
			buildConfigurations = (
				AE3A91252B5E9CB7002B1EC9 /* Debug */,
				AE3A91262B5E9CB7002B1EC9 /* Release */,
			);
			defaultConfigurationIsVisible = 0;
			defaultConfigurationName = Release;
		};
		AE3A91272B5E9CB7002B1EC9 /* Build configuration list for PBXNativeTarget "GoodToKnow" */ = {
			isa = XCConfigurationList;
			buildConfigurations = (
				AE3A91282B5E9CB7002B1EC9 /* Debug */,
				AE3A91292B5E9CB7002B1EC9 /* Release */,
			);
			defaultConfigurationIsVisible = 0;
			defaultConfigurationName = Release;
		};
		AE3A912A2B5E9CB7002B1EC9 /* Build configuration list for PBXNativeTarget "GoodToKnowTests" */ = {
			isa = XCConfigurationList;
			buildConfigurations = (
				AE3A912B2B5E9CB7002B1EC9 /* Debug */,
				AE3A912C2B5E9CB7002B1EC9 /* Release */,
			);
			defaultConfigurationIsVisible = 0;
			defaultConfigurationName = Release;
		};
		AE3A912D2B5E9CB7002B1EC9 /* Build configuration list for PBXNativeTarget "GoodToKnowUITests" */ = {
			isa = XCConfigurationList;
			buildConfigurations = (
				AE3A912E2B5E9CB7002B1EC9 /* Debug */,
				AE3A912F2B5E9CB7002B1EC9 /* Release */,
			);
			defaultConfigurationIsVisible = 0;
			defaultConfigurationName = Release;
		};
/* End XCConfigurationList section */
	};
	rootObject = AE3A90F52B5E9CB6002B1EC9 /* Project object */;
}
